// !$*UTF8*$!
{
	archiveVersion = 1;
	classes = {
	};
	objectVersion = 46;
	objects = {

/* Begin PBXBuildFile section */
		2C1D9F9BE02BB981F93AB80E /* Pods_DeFrameApp.framework in Frameworks */ = {isa = PBXBuildFile; fileRef = 17CD2666E740BAE932E3FA5D /* Pods_DeFrameApp.framework */; };
		351B5D942067357400F3D6E8 /* UrlImage.png in Resources */ = {isa = PBXBuildFile; fileRef = 351B5D932067357300F3D6E8 /* UrlImage.png */; };
		351B5D982067577000F3D6E8 /* userPic2.png in Resources */ = {isa = PBXBuildFile; fileRef = 351B5D962067576A00F3D6E8 /* userPic2.png */; };
		3544613020748B2300FA1CBF /* MuseumTableViewCell.swift in Sources */ = {isa = PBXBuildFile; fileRef = 3544612F20748B2300FA1CBF /* MuseumTableViewCell.swift */; };
		3544613120748B2300FA1CBF /* MuseumTableViewCell.swift in Sources */ = {isa = PBXBuildFile; fileRef = 3544612F20748B2300FA1CBF /* MuseumTableViewCell.swift */; };
		3544613320748B9200FA1CBF /* ListTableViewController.swift in Sources */ = {isa = PBXBuildFile; fileRef = 3544613220748B9200FA1CBF /* ListTableViewController.swift */; };
		3544613420748B9200FA1CBF /* ListTableViewController.swift in Sources */ = {isa = PBXBuildFile; fileRef = 3544613220748B9200FA1CBF /* ListTableViewController.swift */; };
		35488E5120101F9900A2858A /* images.png in Resources */ = {isa = PBXBuildFile; fileRef = 35488E5020101F9800A2858A /* images.png */; };
		35490F22201ADCDD00429192 /* artHeaderCollectionReusableView.swift in Sources */ = {isa = PBXBuildFile; fileRef = 35490F21201ADCDD00429192 /* artHeaderCollectionReusableView.swift */; };
		3552EC90209FB9A500D1C29D /* MAP.png in Resources */ = {isa = PBXBuildFile; fileRef = 3552EC8F209FB9A500D1C29D /* MAP.png */; };
		3552EC92209FB9EB00D1C29D /* display.png in Resources */ = {isa = PBXBuildFile; fileRef = 3552EC91209FB9E200D1C29D /* display.png */; };
		3552EC94209FD43900D1C29D /* compass.png in Resources */ = {isa = PBXBuildFile; fileRef = 3552EC93209FD3DE00D1C29D /* compass.png */; };
		3552EC96209FD54200D1C29D /* avatar.png in Resources */ = {isa = PBXBuildFile; fileRef = 3552EC95209FD51700D1C29D /* avatar.png */; };
		3555AF9E201E6C6700202931 /* Main.storyboard in Resources */ = {isa = PBXBuildFile; fileRef = F47029F91A7F27DB00E30A3C /* Main.storyboard */; };
		3555AF9F201E8A2B00202931 /* NewMuseumViewController.swift in Sources */ = {isa = PBXBuildFile; fileRef = 356813A6201AD3C40094B16E /* NewMuseumViewController.swift */; };
		3556093620635E3300621E4F /* loginedUser.xcdatamodeld in Sources */ = {isa = PBXBuildFile; fileRef = 3556093420635E3300621E4F /* loginedUser.xcdatamodeld */; };
		3556093820635ED700621E4F /* CoreData.framework in Frameworks */ = {isa = PBXBuildFile; fileRef = 3556093720635ED700621E4F /* CoreData.framework */; };
		3557CEDF20675B4B00548D99 /* GuestViewSetUp.swift in Sources */ = {isa = PBXBuildFile; fileRef = 3557CEDE20675B4B00548D99 /* GuestViewSetUp.swift */; };
		3557CEE020675B4B00548D99 /* GuestViewSetUp.swift in Sources */ = {isa = PBXBuildFile; fileRef = 3557CEDE20675B4B00548D99 /* GuestViewSetUp.swift */; };
		3557CEE620685E9B00548D99 /* userPic4.png in Resources */ = {isa = PBXBuildFile; fileRef = 3557CEE120685E8B00548D99 /* userPic4.png */; };
		3557CEE720685E9B00548D99 /* userPic4.png in Resources */ = {isa = PBXBuildFile; fileRef = 3557CEE120685E8B00548D99 /* userPic4.png */; };
		3557CEE820685E9B00548D99 /* userPic5.png in Resources */ = {isa = PBXBuildFile; fileRef = 3557CEE220685E8C00548D99 /* userPic5.png */; };
		3557CEE920685E9B00548D99 /* userPic5.png in Resources */ = {isa = PBXBuildFile; fileRef = 3557CEE220685E8C00548D99 /* userPic5.png */; };
		3557CEEA20685E9B00548D99 /* userPic3.png in Resources */ = {isa = PBXBuildFile; fileRef = 3557CEE320685E9500548D99 /* userPic3.png */; };
		3557CEEB20685E9B00548D99 /* userPic3.png in Resources */ = {isa = PBXBuildFile; fileRef = 3557CEE320685E9500548D99 /* userPic3.png */; };
		3557CEEC20685E9B00548D99 /* UserProfile.png in Resources */ = {isa = PBXBuildFile; fileRef = 3557CEE420685E9A00548D99 /* UserProfile.png */; };
		3557CEED20685E9B00548D99 /* UserProfile.png in Resources */ = {isa = PBXBuildFile; fileRef = 3557CEE420685E9A00548D99 /* UserProfile.png */; };
		3557CEEE20685E9B00548D99 /* userPic7.png in Resources */ = {isa = PBXBuildFile; fileRef = 3557CEE520685E9A00548D99 /* userPic7.png */; };
		3557CEEF20685E9B00548D99 /* userPic7.png in Resources */ = {isa = PBXBuildFile; fileRef = 3557CEE520685E9A00548D99 /* userPic7.png */; };
		3557CEF320685F2C00548D99 /* UserProfile.png in Resources */ = {isa = PBXBuildFile; fileRef = 3557CEF020685F2100548D99 /* UserProfile.png */; };
		3557CEF420685F2C00548D99 /* UserProfile.png in Resources */ = {isa = PBXBuildFile; fileRef = 3557CEF020685F2100548D99 /* UserProfile.png */; };
		3557CEF520685F2C00548D99 /* userPic9.png in Resources */ = {isa = PBXBuildFile; fileRef = 3557CEF120685F2100548D99 /* userPic9.png */; };
		3557CEF620685F2C00548D99 /* userPic9.png in Resources */ = {isa = PBXBuildFile; fileRef = 3557CEF120685F2100548D99 /* userPic9.png */; };
		3557CEF720685F2C00548D99 /* userPic8.png in Resources */ = {isa = PBXBuildFile; fileRef = 3557CEF220685F2700548D99 /* userPic8.png */; };
		3557CEF820685F2C00548D99 /* userPic8.png in Resources */ = {isa = PBXBuildFile; fileRef = 3557CEF220685F2700548D99 /* userPic8.png */; };
		3557CEFA206868A400548D99 /* GuestCell.swift in Sources */ = {isa = PBXBuildFile; fileRef = 3557CEF9206868A400548D99 /* GuestCell.swift */; };
		3557CEFB206868A400548D99 /* GuestCell.swift in Sources */ = {isa = PBXBuildFile; fileRef = 3557CEF9206868A400548D99 /* GuestCell.swift */; };
		356813A7201AD3C40094B16E /* NewMuseumViewController.swift in Sources */ = {isa = PBXBuildFile; fileRef = 356813A6201AD3C40094B16E /* NewMuseumViewController.swift */; };
		3569731F20A2AA55006340EC /* AccountViewController.swift in Sources */ = {isa = PBXBuildFile; fileRef = 3569731E20A2AA55006340EC /* AccountViewController.swift */; };
		3569732020A2AA55006340EC /* AccountViewController.swift in Sources */ = {isa = PBXBuildFile; fileRef = 3569731E20A2AA55006340EC /* AccountViewController.swift */; };
		357E908C20688FDA00B595D5 /* userPic11.png in Resources */ = {isa = PBXBuildFile; fileRef = 357E908B20688FDA00B595D5 /* userPic11.png */; };
		357E908E206890C600B595D5 /* GuestViewHeader.swift in Sources */ = {isa = PBXBuildFile; fileRef = 357E908D206890C600B595D5 /* GuestViewHeader.swift */; };
		357E90902068A4EB00B595D5 /* GuestViewHeader.swift in Sources */ = {isa = PBXBuildFile; fileRef = 357E908D206890C600B595D5 /* GuestViewHeader.swift */; };
		3581676F21A0E4CF00758EA5 /* ArtistsViewController.swift in Sources */ = {isa = PBXBuildFile; fileRef = 3581676E21A0E4CE00758EA5 /* ArtistsViewController.swift */; };
		3581677021A0E4CF00758EA5 /* ArtistsViewController.swift in Sources */ = {isa = PBXBuildFile; fileRef = 3581676E21A0E4CE00758EA5 /* ArtistsViewController.swift */; };
		359615CA2079B52000B6760D /* info.png in Resources */ = {isa = PBXBuildFile; fileRef = 359615C82079B51A00B6760D /* info.png */; };
		359615CB2079B52000B6760D /* info.png in Resources */ = {isa = PBXBuildFile; fileRef = 359615C82079B51A00B6760D /* info.png */; };
		359615CC2079B52000B6760D /* secure-file.png in Resources */ = {isa = PBXBuildFile; fileRef = 359615C92079B51D00B6760D /* secure-file.png */; };
		359615CD2079B52000B6760D /* secure-file.png in Resources */ = {isa = PBXBuildFile; fileRef = 359615C92079B51D00B6760D /* secure-file.png */; };
		359615CF2079B5E500B6760D /* feedback.png in Resources */ = {isa = PBXBuildFile; fileRef = 359615CE2079B5E100B6760D /* feedback.png */; };
		359615D02079B5E500B6760D /* feedback.png in Resources */ = {isa = PBXBuildFile; fileRef = 359615CE2079B5E100B6760D /* feedback.png */; };
		359615D22079B6DA00B6760D /* feedback (1).png in Resources */ = {isa = PBXBuildFile; fileRef = 359615D12079B6D900B6760D /* feedback (1).png */; };
		359615D32079B6DA00B6760D /* feedback (1).png in Resources */ = {isa = PBXBuildFile; fileRef = 359615D12079B6D900B6760D /* feedback (1).png */; };
		359615D62079BCF000B6760D /* info (1).png in Resources */ = {isa = PBXBuildFile; fileRef = 359615D42079BCE900B6760D /* info (1).png */; };
		359615D72079BCF000B6760D /* info (1).png in Resources */ = {isa = PBXBuildFile; fileRef = 359615D42079BCE900B6760D /* info (1).png */; };
		359615D82079BCF000B6760D /* secure-file (1).png in Resources */ = {isa = PBXBuildFile; fileRef = 359615D52079BCED00B6760D /* secure-file (1).png */; };
		359615D92079BCF000B6760D /* secure-file (1).png in Resources */ = {isa = PBXBuildFile; fileRef = 359615D52079BCED00B6760D /* secure-file (1).png */; };
		359615DB2079BD4A00B6760D /* bank.png in Resources */ = {isa = PBXBuildFile; fileRef = 359615DA2079BD4000B6760D /* bank.png */; };
		359615DC2079BD4A00B6760D /* bank.png in Resources */ = {isa = PBXBuildFile; fileRef = 359615DA2079BD4000B6760D /* bank.png */; };
		35A25EAB204DF9460023A77D /* UserNamePasswordViewController.swift in Sources */ = {isa = PBXBuildFile; fileRef = 35A25EAA204DF9450023A77D /* UserNamePasswordViewController.swift */; };
		35A25EAC204DF9460023A77D /* UserNamePasswordViewController.swift in Sources */ = {isa = PBXBuildFile; fileRef = 35A25EAA204DF9450023A77D /* UserNamePasswordViewController.swift */; };
		35A25EAE204DF9590023A77D /* RegistrationViewController.swift in Sources */ = {isa = PBXBuildFile; fileRef = 35A25EAD204DF9580023A77D /* RegistrationViewController.swift */; };
		35A25EAF204DF9590023A77D /* RegistrationViewController.swift in Sources */ = {isa = PBXBuildFile; fileRef = 35A25EAD204DF9580023A77D /* RegistrationViewController.swift */; };
		35A25EB1204DF9720023A77D /* UploadProfilePicViewController.swift in Sources */ = {isa = PBXBuildFile; fileRef = 35A25EB0204DF9720023A77D /* UploadProfilePicViewController.swift */; };
		35A25EB2204DF9720023A77D /* UploadProfilePicViewController.swift in Sources */ = {isa = PBXBuildFile; fileRef = 35A25EB0204DF9720023A77D /* UploadProfilePicViewController.swift */; };
		35A25EB4204DF9820023A77D /* NewUser.swift in Sources */ = {isa = PBXBuildFile; fileRef = 35A25EB3204DF9820023A77D /* NewUser.swift */; };
		35A25EB5204DF9820023A77D /* NewUser.swift in Sources */ = {isa = PBXBuildFile; fileRef = 35A25EB3204DF9820023A77D /* NewUser.swift */; };
		35A25EB7204DF9960023A77D /* Background.png in Resources */ = {isa = PBXBuildFile; fileRef = 35A25EB6204DF9930023A77D /* Background.png */; };
		35A25EB8204DF9960023A77D /* Background.png in Resources */ = {isa = PBXBuildFile; fileRef = 35A25EB6204DF9930023A77D /* Background.png */; };
		35A25EBA204DFA7D0023A77D /* Logo.png in Resources */ = {isa = PBXBuildFile; fileRef = 35A25EB9204DFA7C0023A77D /* Logo.png */; };
		35A25EBB204DFA7D0023A77D /* Logo.png in Resources */ = {isa = PBXBuildFile; fileRef = 35A25EB9204DFA7C0023A77D /* Logo.png */; };
		35A4BAD7201B870200FA1786 /* artHeaderCollectionReusableView.swift in Sources */ = {isa = PBXBuildFile; fileRef = 35490F21201ADCDD00429192 /* artHeaderCollectionReusableView.swift */; };
		35A7C7D22198CCFA00D219A5 /* WebViewController.swift in Sources */ = {isa = PBXBuildFile; fileRef = 35A7C7D12198CCFA00D219A5 /* WebViewController.swift */; };
		35A7C7D32198CCFA00D219A5 /* WebViewController.swift in Sources */ = {isa = PBXBuildFile; fileRef = 35A7C7D12198CCFA00D219A5 /* WebViewController.swift */; };
		35B0DA8A208ECE650005272C /* Info.plist in Resources */ = {isa = PBXBuildFile; fileRef = 35B0DA89208ECE640005272C /* Info.plist */; };
		35B0DA8B208ECE650005272C /* Info.plist in Resources */ = {isa = PBXBuildFile; fileRef = 35B0DA89208ECE640005272C /* Info.plist */; };
		35BCA31F2079D7C20068E899 /* bank (1).png in Resources */ = {isa = PBXBuildFile; fileRef = 35BCA31E2079D7BD0068E899 /* bank (1).png */; };
		35BCA3212079DAD90068E899 /* secure-file (2).png in Resources */ = {isa = PBXBuildFile; fileRef = 35BCA3202079DAD40068E899 /* secure-file (2).png */; };
		35BCA3232079DB1A0068E899 /* info (2).png in Resources */ = {isa = PBXBuildFile; fileRef = 35BCA3222079DB160068E899 /* info (2).png */; };
		35BCA3252079DB870068E899 /* feedback (2).png in Resources */ = {isa = PBXBuildFile; fileRef = 35BCA3242079DB830068E899 /* feedback (2).png */; };
		35C10C172178093900E0D6A3 /* ImageViewController.swift in Sources */ = {isa = PBXBuildFile; fileRef = 35C10C162178093900E0D6A3 /* ImageViewController.swift */; };
		35C10C182178093900E0D6A3 /* ImageViewController.swift in Sources */ = {isa = PBXBuildFile; fileRef = 35C10C162178093900E0D6A3 /* ImageViewController.swift */; };
		35C10C1A2178278400E0D6A3 /* Interactor.swift in Sources */ = {isa = PBXBuildFile; fileRef = 35C10C192178278400E0D6A3 /* Interactor.swift */; };
		35C10C1B2178278400E0D6A3 /* Interactor.swift in Sources */ = {isa = PBXBuildFile; fileRef = 35C10C192178278400E0D6A3 /* Interactor.swift */; };
		35C10C1D2178285200E0D6A3 /* Dismiss.swift in Sources */ = {isa = PBXBuildFile; fileRef = 35C10C1C2178285200E0D6A3 /* Dismiss.swift */; };
		35C10C1E2178285200E0D6A3 /* Dismiss.swift in Sources */ = {isa = PBXBuildFile; fileRef = 35C10C1C2178285200E0D6A3 /* Dismiss.swift */; };
		35C6CEE820A0076900E3E220 /* robot.png in Resources */ = {isa = PBXBuildFile; fileRef = 35C6CEE720A0076700E3E220 /* robot.png */; };
		35C9C3F92185499A00110F46 /* Lato-Medium.ttf in Resources */ = {isa = PBXBuildFile; fileRef = 35C9C3E72185493D00110F46 /* Lato-Medium.ttf */; };
		35C9C3FA2185499A00110F46 /* Lato-Medium.ttf in Resources */ = {isa = PBXBuildFile; fileRef = 35C9C3E72185493D00110F46 /* Lato-Medium.ttf */; };
		35C9C3FB2185499A00110F46 /* Lato-SemiboldItalic.ttf in Resources */ = {isa = PBXBuildFile; fileRef = 35C9C3E82185494200110F46 /* Lato-SemiboldItalic.ttf */; };
		35C9C3FC2185499A00110F46 /* Lato-SemiboldItalic.ttf in Resources */ = {isa = PBXBuildFile; fileRef = 35C9C3E82185494200110F46 /* Lato-SemiboldItalic.ttf */; };
		35C9C3FD2185499A00110F46 /* Lato-HairlineItalic.ttf in Resources */ = {isa = PBXBuildFile; fileRef = 35C9C3E92185494700110F46 /* Lato-HairlineItalic.ttf */; };
		35C9C3FE2185499A00110F46 /* Lato-HairlineItalic.ttf in Resources */ = {isa = PBXBuildFile; fileRef = 35C9C3E92185494700110F46 /* Lato-HairlineItalic.ttf */; };
		35C9C3FF2185499A00110F46 /* Lato-Regular.ttf in Resources */ = {isa = PBXBuildFile; fileRef = 35C9C3EA2185494D00110F46 /* Lato-Regular.ttf */; };
		35C9C4002185499A00110F46 /* Lato-Regular.ttf in Resources */ = {isa = PBXBuildFile; fileRef = 35C9C3EA2185494D00110F46 /* Lato-Regular.ttf */; };
		35C9C4012185499A00110F46 /* Lato-LightItalic.ttf in Resources */ = {isa = PBXBuildFile; fileRef = 35C9C3EB2185495200110F46 /* Lato-LightItalic.ttf */; };
		35C9C4022185499A00110F46 /* Lato-LightItalic.ttf in Resources */ = {isa = PBXBuildFile; fileRef = 35C9C3EB2185495200110F46 /* Lato-LightItalic.ttf */; };
		35C9C4032185499A00110F46 /* Lato-Bold.ttf in Resources */ = {isa = PBXBuildFile; fileRef = 35C9C3EC2185495700110F46 /* Lato-Bold.ttf */; };
		35C9C4042185499A00110F46 /* Lato-Bold.ttf in Resources */ = {isa = PBXBuildFile; fileRef = 35C9C3EC2185495700110F46 /* Lato-Bold.ttf */; };
		35C9C4052185499A00110F46 /* Lato-ThinItalic.ttf in Resources */ = {isa = PBXBuildFile; fileRef = 35C9C3ED2185495C00110F46 /* Lato-ThinItalic.ttf */; };
		35C9C4062185499A00110F46 /* Lato-ThinItalic.ttf in Resources */ = {isa = PBXBuildFile; fileRef = 35C9C3ED2185495C00110F46 /* Lato-ThinItalic.ttf */; };
		35C9C4072185499A00110F46 /* Lato-Italic.ttf in Resources */ = {isa = PBXBuildFile; fileRef = 35C9C3EE2185496100110F46 /* Lato-Italic.ttf */; };
		35C9C4082185499A00110F46 /* Lato-Italic.ttf in Resources */ = {isa = PBXBuildFile; fileRef = 35C9C3EE2185496100110F46 /* Lato-Italic.ttf */; };
		35C9C4092185499A00110F46 /* Lato-Heavy.ttf in Resources */ = {isa = PBXBuildFile; fileRef = 35C9C3EF2185496700110F46 /* Lato-Heavy.ttf */; };
		35C9C40A2185499A00110F46 /* Lato-Heavy.ttf in Resources */ = {isa = PBXBuildFile; fileRef = 35C9C3EF2185496700110F46 /* Lato-Heavy.ttf */; };
		35C9C40B2185499A00110F46 /* Lato-Light.ttf in Resources */ = {isa = PBXBuildFile; fileRef = 35C9C3F02185496C00110F46 /* Lato-Light.ttf */; };
		35C9C40C2185499A00110F46 /* Lato-Light.ttf in Resources */ = {isa = PBXBuildFile; fileRef = 35C9C3F02185496C00110F46 /* Lato-Light.ttf */; };
		35C9C40D2185499A00110F46 /* Lato-Black.ttf in Resources */ = {isa = PBXBuildFile; fileRef = 35C9C3F12185497100110F46 /* Lato-Black.ttf */; };
		35C9C40E2185499A00110F46 /* Lato-Black.ttf in Resources */ = {isa = PBXBuildFile; fileRef = 35C9C3F12185497100110F46 /* Lato-Black.ttf */; };
		35C9C40F2185499A00110F46 /* Lato-HeavyItalic.ttf in Resources */ = {isa = PBXBuildFile; fileRef = 35C9C3F22185497500110F46 /* Lato-HeavyItalic.ttf */; };
		35C9C4102185499A00110F46 /* Lato-HeavyItalic.ttf in Resources */ = {isa = PBXBuildFile; fileRef = 35C9C3F22185497500110F46 /* Lato-HeavyItalic.ttf */; };
		35C9C4112185499A00110F46 /* Lato-Thin.ttf in Resources */ = {isa = PBXBuildFile; fileRef = 35C9C3F32185497B00110F46 /* Lato-Thin.ttf */; };
		35C9C4122185499A00110F46 /* Lato-Thin.ttf in Resources */ = {isa = PBXBuildFile; fileRef = 35C9C3F32185497B00110F46 /* Lato-Thin.ttf */; };
		35C9C4132185499A00110F46 /* Lato-Semibold.ttf in Resources */ = {isa = PBXBuildFile; fileRef = 35C9C3F42185498000110F46 /* Lato-Semibold.ttf */; };
		35C9C4142185499A00110F46 /* Lato-Semibold.ttf in Resources */ = {isa = PBXBuildFile; fileRef = 35C9C3F42185498000110F46 /* Lato-Semibold.ttf */; };
		35C9C4152185499A00110F46 /* Lato-MediumItalic.ttf in Resources */ = {isa = PBXBuildFile; fileRef = 35C9C3F52185498500110F46 /* Lato-MediumItalic.ttf */; };
		35C9C4162185499A00110F46 /* Lato-MediumItalic.ttf in Resources */ = {isa = PBXBuildFile; fileRef = 35C9C3F52185498500110F46 /* Lato-MediumItalic.ttf */; };
		35C9C4172185499A00110F46 /* Lato-BoldItalic.ttf in Resources */ = {isa = PBXBuildFile; fileRef = 35C9C3F62185498B00110F46 /* Lato-BoldItalic.ttf */; };
		35C9C4182185499A00110F46 /* Lato-BoldItalic.ttf in Resources */ = {isa = PBXBuildFile; fileRef = 35C9C3F62185498B00110F46 /* Lato-BoldItalic.ttf */; };
		35C9C4192185499A00110F46 /* Lato-Hairline.ttf in Resources */ = {isa = PBXBuildFile; fileRef = 35C9C3F72185499000110F46 /* Lato-Hairline.ttf */; };
		35C9C41A2185499A00110F46 /* Lato-Hairline.ttf in Resources */ = {isa = PBXBuildFile; fileRef = 35C9C3F72185499000110F46 /* Lato-Hairline.ttf */; };
		35C9C41B2185499A00110F46 /* Lato-BlackItalic.ttf in Resources */ = {isa = PBXBuildFile; fileRef = 35C9C3F82185499400110F46 /* Lato-BlackItalic.ttf */; };
		35C9C41C2185499A00110F46 /* Lato-BlackItalic.ttf in Resources */ = {isa = PBXBuildFile; fileRef = 35C9C3F82185499400110F46 /* Lato-BlackItalic.ttf */; };
		35CFAB192083052900054444 /* MuseumViewControllerList.swift in Sources */ = {isa = PBXBuildFile; fileRef = 35CFAB182083052900054444 /* MuseumViewControllerList.swift */; };
		35CFAB1A2083052900054444 /* MuseumViewControllerList.swift in Sources */ = {isa = PBXBuildFile; fileRef = 35CFAB182083052900054444 /* MuseumViewControllerList.swift */; };
		35D0DAF42082D07B0067A5BA /* Main.storyboard in Resources */ = {isa = PBXBuildFile; fileRef = F47029F91A7F27DB00E30A3C /* Main.storyboard */; };
		35DCB61E20791E9A00224480 /* library.png in Resources */ = {isa = PBXBuildFile; fileRef = 35DCB61D20791E9800224480 /* library.png */; };
		35DCB61F20791E9A00224480 /* library.png in Resources */ = {isa = PBXBuildFile; fileRef = 35DCB61D20791E9800224480 /* library.png */; };
		580C106A20CDCB2D004D5619 /* AppDelegate.swift in Sources */ = {isa = PBXBuildFile; fileRef = 580C106920CDCB2D004D5619 /* AppDelegate.swift */; };
		581F70CD1F4287040064496C /* ArtViewController.swift in Sources */ = {isa = PBXBuildFile; fileRef = 581F70CC1F4287040064496C /* ArtViewController.swift */; };
		581F719A1F5B24610064496C /* LoginViewController.swift in Sources */ = {isa = PBXBuildFile; fileRef = 581F71991F5B24610064496C /* LoginViewController.swift */; };
		581F719C1F6993E70064496C /* FloorPlanViewController.swift in Sources */ = {isa = PBXBuildFile; fileRef = 581F719B1F6993E70064496C /* FloorPlanViewController.swift */; };
		582037B41F33E82900C0F384 /* MuseumViewController.swift in Sources */ = {isa = PBXBuildFile; fileRef = 582037B31F33E82900C0F384 /* MuseumViewController.swift */; };
		582037B61F33E8A300C0F384 /* CarouselView.xib in Resources */ = {isa = PBXBuildFile; fileRef = 582037B51F33E8A300C0F384 /* CarouselView.xib */; };
		582037B81F369CCA00C0F384 /* CarouselView.swift in Sources */ = {isa = PBXBuildFile; fileRef = 582037B71F369CCA00C0F384 /* CarouselView.swift */; };
		58233A761F219462008D125F /* CraftARResourcesODIR.bundle in Resources */ = {isa = PBXBuildFile; fileRef = 58233A751F219462008D125F /* CraftARResourcesODIR.bundle */; };
		58233A7A1F21A68D008D125F /* CraftAROnDeviceRecognitionSDK.framework in Frameworks */ = {isa = PBXBuildFile; fileRef = 58233A791F21A68D008D125F /* CraftAROnDeviceRecognitionSDK.framework */; };
		58233A7C1F21A6A0008D125F /* Pods.framework in Frameworks */ = {isa = PBXBuildFile; fileRef = 58233A7B1F21A6A0008D125F /* Pods.framework */; };
		582BBD7D1F412DE600CDD73E /* SDWebImage.framework in Frameworks */ = {isa = PBXBuildFile; fileRef = 582BBD7C1F412DE600CDD73E /* SDWebImage.framework */; };
		586B948C1F11E09100F89AE8 /* Museum.swift in Sources */ = {isa = PBXBuildFile; fileRef = 586B948B1F11E09100F89AE8 /* Museum.swift */; };
		586B948D1F11E09100F89AE8 /* Museum.swift in Sources */ = {isa = PBXBuildFile; fileRef = 586B948B1F11E09100F89AE8 /* Museum.swift */; };
		586B948F1F1305DF00F89AE8 /* SampleMuseum.json in Resources */ = {isa = PBXBuildFile; fileRef = 586B948E1F1305DF00F89AE8 /* SampleMuseum.json */; };
		586B94901F1305DF00F89AE8 /* SampleMuseum.json in Resources */ = {isa = PBXBuildFile; fileRef = 586B948E1F1305DF00F89AE8 /* SampleMuseum.json */; };
		586B94921F144D4500F89AE8 /* locationAnnotation.swift in Sources */ = {isa = PBXBuildFile; fileRef = 586B94911F144D4500F89AE8 /* locationAnnotation.swift */; };
		586B94931F144D4500F89AE8 /* locationAnnotation.swift in Sources */ = {isa = PBXBuildFile; fileRef = 586B94911F144D4500F89AE8 /* locationAnnotation.swift */; };
		586B94951F14A8C900F89AE8 /* AnnotationView.swift in Sources */ = {isa = PBXBuildFile; fileRef = 586B94941F14A8C900F89AE8 /* AnnotationView.swift */; };
		586B94961F14A8C900F89AE8 /* AnnotationView.swift in Sources */ = {isa = PBXBuildFile; fileRef = 586B94941F14A8C900F89AE8 /* AnnotationView.swift */; };
		58F68F131F759BA6006F7510 /* ArtView.swift in Sources */ = {isa = PBXBuildFile; fileRef = 58F68F121F759BA6006F7510 /* ArtView.swift */; };
		58F68F1A1F7A0AF5006F7510 /* MuseumDetails.xib in Resources */ = {isa = PBXBuildFile; fileRef = 58F68F181F7A0AF5006F7510 /* MuseumDetails.xib */; };
		58F68F1B1F7A0AF5006F7510 /* MuseumDetailsView.swift in Sources */ = {isa = PBXBuildFile; fileRef = 58F68F191F7A0AF5006F7510 /* MuseumDetailsView.swift */; };
		58FED4C31F40DC6800239CBC /* artCollectionViewCell.swift in Sources */ = {isa = PBXBuildFile; fileRef = 58FED4C21F40DC6800239CBC /* artCollectionViewCell.swift */; };
		64F69AB6FC7476B2A0C4EF27 /* Pods_DeFrameApp_DeFrameAppTests.framework in Frameworks */ = {isa = PBXBuildFile; fileRef = D587A9E509B42E717AC93DC6 /* Pods_DeFrameApp_DeFrameAppTests.framework */; };
		A0533DDC1FBF8D1200452BF9 /* FeedbackViewController.swift in Sources */ = {isa = PBXBuildFile; fileRef = A0533DDB1FBF8D1100452BF9 /* FeedbackViewController.swift */; };
		A058F3791FC3C0F7001FC901 /* Constants.swift in Sources */ = {isa = PBXBuildFile; fileRef = A058F3781FC3C0F7001FC901 /* Constants.swift */; };
		A058F3801FC40B3A001FC901 /* ArtView.swift in Sources */ = {isa = PBXBuildFile; fileRef = 58F68F121F759BA6006F7510 /* ArtView.swift */; };
		A058F3811FC40B3D001FC901 /* artCollectionViewCell.swift in Sources */ = {isa = PBXBuildFile; fileRef = 58FED4C21F40DC6800239CBC /* artCollectionViewCell.swift */; };
		A058F3821FC40B47001FC901 /* CarouselView.swift in Sources */ = {isa = PBXBuildFile; fileRef = 582037B71F369CCA00C0F384 /* CarouselView.swift */; };
		A058F3831FC40B4A001FC901 /* MuseumDetailsView.swift in Sources */ = {isa = PBXBuildFile; fileRef = 58F68F191F7A0AF5006F7510 /* MuseumDetailsView.swift */; };
		A058F3851FC40B82001FC901 /* MapViewController.swift in Sources */ = {isa = PBXBuildFile; fileRef = F491E7521A7F7DF20026528E /* MapViewController.swift */; };
		A058F3861FC40B86001FC901 /* FloorPlanViewController.swift in Sources */ = {isa = PBXBuildFile; fileRef = 581F719B1F6993E70064496C /* FloorPlanViewController.swift */; };
		A058F3871FC40B89001FC901 /* ArtViewController.swift in Sources */ = {isa = PBXBuildFile; fileRef = 581F70CC1F4287040064496C /* ArtViewController.swift */; };
		A058F3881FC40B8C001FC901 /* MuseumViewController.swift in Sources */ = {isa = PBXBuildFile; fileRef = 582037B31F33E82900C0F384 /* MuseumViewController.swift */; };
		A058F3891FC40B9B001FC901 /* Constants.swift in Sources */ = {isa = PBXBuildFile; fileRef = A058F3781FC3C0F7001FC901 /* Constants.swift */; };
		A058F38C1FCFA7B0001FC901 /* ChatBotViewController.swift in Sources */ = {isa = PBXBuildFile; fileRef = A058F38B1FCFA7B0001FC901 /* ChatBotViewController.swift */; };
		A083563F1FEAFB1900850FAA /* Bot Button@2x.png in Resources */ = {isa = PBXBuildFile; fileRef = A083563D1FEAFB1600850FAA /* Bot Button@2x.png */; };
		A08356401FEAFB1A00850FAA /* Directory button@2x.png in Resources */ = {isa = PBXBuildFile; fileRef = A083563E1FEAFB1900850FAA /* Directory button@2x.png */; };
		A0B6CCAF2088496D001060BE /* show-more-button-with-three-dots (1).png in Resources */ = {isa = PBXBuildFile; fileRef = A0B6CCAE2088496C001060BE /* show-more-button-with-three-dots (1).png */; };
		A0CBDFC91FB7F13700D36FAD /* PrivacyViewController.swift in Sources */ = {isa = PBXBuildFile; fileRef = A0CBDFC81FB7F13600D36FAD /* PrivacyViewController.swift */; };
		A0FE6279208D672F00948CDD /* Podfile in Resources */ = {isa = PBXBuildFile; fileRef = A0FE6278208D672F00948CDD /* Podfile */; };
		F47029FD1A7F27DB00E30A3C /* Images.xcassets in Resources */ = {isa = PBXBuildFile; fileRef = F47029FC1A7F27DB00E30A3C /* Images.xcassets */; };
		F4702A001A7F27DC00E30A3C /* LaunchScreen.xib in Resources */ = {isa = PBXBuildFile; fileRef = F47029FE1A7F27DB00E30A3C /* LaunchScreen.xib */; };
		F4702A0C1A7F27DC00E30A3C /* SidebarMenuTests.swift in Sources */ = {isa = PBXBuildFile; fileRef = F4702A0B1A7F27DC00E30A3C /* SidebarMenuTests.swift */; };
		F4702A161A7F342F00E30A3C /* MapKit.framework in Frameworks */ = {isa = PBXBuildFile; fileRef = F4702A151A7F342F00E30A3C /* MapKit.framework */; };
		F4702A181A7F351C00E30A3C /* MenuController.swift in Sources */ = {isa = PBXBuildFile; fileRef = F4702A171A7F351C00E30A3C /* MenuController.swift */; };
		F491E74A1A7F4B300026528E /* NewsTableViewController.swift in Sources */ = {isa = PBXBuildFile; fileRef = F491E7491A7F4B300026528E /* NewsTableViewController.swift */; };
		F491E74C1A7F4C630026528E /* NewsTableViewCell.swift in Sources */ = {isa = PBXBuildFile; fileRef = F491E74B1A7F4C630026528E /* NewsTableViewCell.swift */; };
		F491E7531A7F7DF20026528E /* MapViewController.swift in Sources */ = {isa = PBXBuildFile; fileRef = F491E7521A7F7DF20026528E /* MapViewController.swift */; };
		F491E7551A7F7E010026528E /* TermsAndConditionViewController.swift in Sources */ = {isa = PBXBuildFile; fileRef = F491E7541A7F7E010026528E /* TermsAndConditionViewController.swift */; };
		F4D750181BD38F0C009E1003 /* SWRevealViewController.m in Sources */ = {isa = PBXBuildFile; fileRef = F4D750171BD38F0C009E1003 /* SWRevealViewController.m */; };
/* End PBXBuildFile section */

/* Begin PBXContainerItemProxy section */
		F4702A061A7F27DC00E30A3C /* PBXContainerItemProxy */ = {
			isa = PBXContainerItemProxy;
			containerPortal = F47029E81A7F27DB00E30A3C /* Project object */;
			proxyType = 1;
			remoteGlobalIDString = F47029EF1A7F27DB00E30A3C;
			remoteInfo = SidebarMenu;
		};
/* End PBXContainerItemProxy section */

/* Begin PBXFileReference section */
		17CD2666E740BAE932E3FA5D /* Pods_DeFrameApp.framework */ = {isa = PBXFileReference; explicitFileType = wrapper.framework; includeInIndex = 0; path = Pods_DeFrameApp.framework; sourceTree = BUILT_PRODUCTS_DIR; };
		351B5D932067357300F3D6E8 /* UrlImage.png */ = {isa = PBXFileReference; lastKnownFileType = image.png; path = UrlImage.png; sourceTree = "<group>"; };
		351B5D952067576500F3D6E8 /* UserProfile.png */ = {isa = PBXFileReference; lastKnownFileType = image.png; path = UserProfile.png; sourceTree = "<group>"; };
		351B5D962067576A00F3D6E8 /* userPic2.png */ = {isa = PBXFileReference; lastKnownFileType = image.png; path = userPic2.png; sourceTree = "<group>"; };
		3544612F20748B2300FA1CBF /* MuseumTableViewCell.swift */ = {isa = PBXFileReference; lastKnownFileType = sourcecode.swift; path = MuseumTableViewCell.swift; sourceTree = "<group>"; };
		3544613220748B9200FA1CBF /* ListTableViewController.swift */ = {isa = PBXFileReference; lastKnownFileType = sourcecode.swift; path = ListTableViewController.swift; sourceTree = "<group>"; };
		35488E5020101F9800A2858A /* images.png */ = {isa = PBXFileReference; lastKnownFileType = image.png; path = images.png; sourceTree = "<group>"; };
		35490F21201ADCDD00429192 /* artHeaderCollectionReusableView.swift */ = {isa = PBXFileReference; lastKnownFileType = sourcecode.swift; path = artHeaderCollectionReusableView.swift; sourceTree = "<group>"; };
		3552EC8F209FB9A500D1C29D /* MAP.png */ = {isa = PBXFileReference; lastKnownFileType = image.png; path = MAP.png; sourceTree = "<group>"; };
		3552EC91209FB9E200D1C29D /* display.png */ = {isa = PBXFileReference; lastKnownFileType = image.png; path = display.png; sourceTree = "<group>"; };
		3552EC93209FD3DE00D1C29D /* compass.png */ = {isa = PBXFileReference; lastKnownFileType = image.png; path = compass.png; sourceTree = "<group>"; };
		3552EC95209FD51700D1C29D /* avatar.png */ = {isa = PBXFileReference; lastKnownFileType = image.png; path = avatar.png; sourceTree = "<group>"; };
		3556093520635E3300621E4F /* loginedUser.xcdatamodel */ = {isa = PBXFileReference; lastKnownFileType = wrapper.xcdatamodel; path = loginedUser.xcdatamodel; sourceTree = "<group>"; };
		3556093720635ED700621E4F /* CoreData.framework */ = {isa = PBXFileReference; lastKnownFileType = wrapper.framework; name = CoreData.framework; path = System/Library/Frameworks/CoreData.framework; sourceTree = SDKROOT; };
		3557CEDE20675B4B00548D99 /* GuestViewSetUp.swift */ = {isa = PBXFileReference; lastKnownFileType = sourcecode.swift; path = GuestViewSetUp.swift; sourceTree = "<group>"; };
		3557CEE120685E8B00548D99 /* userPic4.png */ = {isa = PBXFileReference; lastKnownFileType = image.png; path = userPic4.png; sourceTree = "<group>"; };
		3557CEE220685E8C00548D99 /* userPic5.png */ = {isa = PBXFileReference; lastKnownFileType = image.png; path = userPic5.png; sourceTree = "<group>"; };
		3557CEE320685E9500548D99 /* userPic3.png */ = {isa = PBXFileReference; lastKnownFileType = image.png; path = userPic3.png; sourceTree = "<group>"; };
		3557CEE420685E9A00548D99 /* UserProfile.png */ = {isa = PBXFileReference; lastKnownFileType = image.png; path = UserProfile.png; sourceTree = "<group>"; };
		3557CEE520685E9A00548D99 /* userPic7.png */ = {isa = PBXFileReference; lastKnownFileType = image.png; path = userPic7.png; sourceTree = "<group>"; };
		3557CEF020685F2100548D99 /* UserProfile.png */ = {isa = PBXFileReference; lastKnownFileType = image.png; path = UserProfile.png; sourceTree = "<group>"; };
		3557CEF120685F2100548D99 /* userPic9.png */ = {isa = PBXFileReference; lastKnownFileType = image.png; path = userPic9.png; sourceTree = "<group>"; };
		3557CEF220685F2700548D99 /* userPic8.png */ = {isa = PBXFileReference; lastKnownFileType = image.png; path = userPic8.png; sourceTree = "<group>"; };
		3557CEF9206868A400548D99 /* GuestCell.swift */ = {isa = PBXFileReference; lastKnownFileType = sourcecode.swift; path = GuestCell.swift; sourceTree = "<group>"; };
		356813A6201AD3C40094B16E /* NewMuseumViewController.swift */ = {isa = PBXFileReference; lastKnownFileType = sourcecode.swift; path = NewMuseumViewController.swift; sourceTree = "<group>"; };
		3569731E20A2AA55006340EC /* AccountViewController.swift */ = {isa = PBXFileReference; lastKnownFileType = sourcecode.swift; path = AccountViewController.swift; sourceTree = "<group>"; };
		357E908B20688FDA00B595D5 /* userPic11.png */ = {isa = PBXFileReference; lastKnownFileType = image.png; path = userPic11.png; sourceTree = "<group>"; };
		357E908D206890C600B595D5 /* GuestViewHeader.swift */ = {isa = PBXFileReference; lastKnownFileType = sourcecode.swift; path = GuestViewHeader.swift; sourceTree = "<group>"; };
		3581676E21A0E4CE00758EA5 /* ArtistsViewController.swift */ = {isa = PBXFileReference; lastKnownFileType = sourcecode.swift; path = ArtistsViewController.swift; sourceTree = "<group>"; };
		359615C82079B51A00B6760D /* info.png */ = {isa = PBXFileReference; lastKnownFileType = image.png; path = info.png; sourceTree = "<group>"; };
		359615C92079B51D00B6760D /* secure-file.png */ = {isa = PBXFileReference; lastKnownFileType = image.png; path = "secure-file.png"; sourceTree = "<group>"; };
		359615CE2079B5E100B6760D /* feedback.png */ = {isa = PBXFileReference; lastKnownFileType = image.png; path = feedback.png; sourceTree = "<group>"; };
		359615D12079B6D900B6760D /* feedback (1).png */ = {isa = PBXFileReference; lastKnownFileType = image.png; path = "feedback (1).png"; sourceTree = "<group>"; };
		359615D42079BCE900B6760D /* info (1).png */ = {isa = PBXFileReference; lastKnownFileType = image.png; path = "info (1).png"; sourceTree = "<group>"; };
		359615D52079BCED00B6760D /* secure-file (1).png */ = {isa = PBXFileReference; lastKnownFileType = image.png; path = "secure-file (1).png"; sourceTree = "<group>"; };
		359615DA2079BD4000B6760D /* bank.png */ = {isa = PBXFileReference; lastKnownFileType = image.png; path = bank.png; sourceTree = "<group>"; };
		35A25EAA204DF9450023A77D /* UserNamePasswordViewController.swift */ = {isa = PBXFileReference; fileEncoding = 4; lastKnownFileType = sourcecode.swift; path = UserNamePasswordViewController.swift; sourceTree = "<group>"; };
		35A25EAD204DF9580023A77D /* RegistrationViewController.swift */ = {isa = PBXFileReference; fileEncoding = 4; lastKnownFileType = sourcecode.swift; path = RegistrationViewController.swift; sourceTree = "<group>"; };
		35A25EB0204DF9720023A77D /* UploadProfilePicViewController.swift */ = {isa = PBXFileReference; fileEncoding = 4; lastKnownFileType = sourcecode.swift; path = UploadProfilePicViewController.swift; sourceTree = "<group>"; };
		35A25EB3204DF9820023A77D /* NewUser.swift */ = {isa = PBXFileReference; fileEncoding = 4; lastKnownFileType = sourcecode.swift; path = NewUser.swift; sourceTree = "<group>"; };
		35A25EB6204DF9930023A77D /* Background.png */ = {isa = PBXFileReference; lastKnownFileType = image.png; path = Background.png; sourceTree = "<group>"; };
		35A25EB9204DFA7C0023A77D /* Logo.png */ = {isa = PBXFileReference; lastKnownFileType = image.png; path = Logo.png; sourceTree = "<group>"; };
		35A7C7D12198CCFA00D219A5 /* WebViewController.swift */ = {isa = PBXFileReference; lastKnownFileType = sourcecode.swift; path = WebViewController.swift; sourceTree = "<group>"; };
		35B0DA89208ECE640005272C /* Info.plist */ = {isa = PBXFileReference; fileEncoding = 4; lastKnownFileType = text.plist.xml; path = Info.plist; sourceTree = "<group>"; };
		35BCA31E2079D7BD0068E899 /* bank (1).png */ = {isa = PBXFileReference; lastKnownFileType = image.png; path = "bank (1).png"; sourceTree = "<group>"; };
		35BCA3202079DAD40068E899 /* secure-file (2).png */ = {isa = PBXFileReference; lastKnownFileType = image.png; path = "secure-file (2).png"; sourceTree = "<group>"; };
		35BCA3222079DB160068E899 /* info (2).png */ = {isa = PBXFileReference; lastKnownFileType = image.png; path = "info (2).png"; sourceTree = "<group>"; };
		35BCA3242079DB830068E899 /* feedback (2).png */ = {isa = PBXFileReference; lastKnownFileType = image.png; path = "feedback (2).png"; sourceTree = "<group>"; };
		35C10C162178093900E0D6A3 /* ImageViewController.swift */ = {isa = PBXFileReference; lastKnownFileType = sourcecode.swift; path = ImageViewController.swift; sourceTree = "<group>"; };
		35C10C192178278400E0D6A3 /* Interactor.swift */ = {isa = PBXFileReference; lastKnownFileType = sourcecode.swift; path = Interactor.swift; sourceTree = "<group>"; };
		35C10C1C2178285200E0D6A3 /* Dismiss.swift */ = {isa = PBXFileReference; lastKnownFileType = sourcecode.swift; path = Dismiss.swift; sourceTree = "<group>"; };
		35C6CEE720A0076700E3E220 /* robot.png */ = {isa = PBXFileReference; lastKnownFileType = image.png; path = robot.png; sourceTree = "<group>"; };
		35C9C3E72185493D00110F46 /* Lato-Medium.ttf */ = {isa = PBXFileReference; lastKnownFileType = file; path = "Lato-Medium.ttf"; sourceTree = "<group>"; };
		35C9C3E82185494200110F46 /* Lato-SemiboldItalic.ttf */ = {isa = PBXFileReference; lastKnownFileType = file; path = "Lato-SemiboldItalic.ttf"; sourceTree = "<group>"; };
		35C9C3E92185494700110F46 /* Lato-HairlineItalic.ttf */ = {isa = PBXFileReference; lastKnownFileType = file; path = "Lato-HairlineItalic.ttf"; sourceTree = "<group>"; };
		35C9C3EA2185494D00110F46 /* Lato-Regular.ttf */ = {isa = PBXFileReference; lastKnownFileType = file; path = "Lato-Regular.ttf"; sourceTree = "<group>"; };
		35C9C3EB2185495200110F46 /* Lato-LightItalic.ttf */ = {isa = PBXFileReference; lastKnownFileType = file; path = "Lato-LightItalic.ttf"; sourceTree = "<group>"; };
		35C9C3EC2185495700110F46 /* Lato-Bold.ttf */ = {isa = PBXFileReference; lastKnownFileType = file; path = "Lato-Bold.ttf"; sourceTree = "<group>"; };
		35C9C3ED2185495C00110F46 /* Lato-ThinItalic.ttf */ = {isa = PBXFileReference; lastKnownFileType = file; path = "Lato-ThinItalic.ttf"; sourceTree = "<group>"; };
		35C9C3EE2185496100110F46 /* Lato-Italic.ttf */ = {isa = PBXFileReference; lastKnownFileType = file; path = "Lato-Italic.ttf"; sourceTree = "<group>"; };
		35C9C3EF2185496700110F46 /* Lato-Heavy.ttf */ = {isa = PBXFileReference; lastKnownFileType = file; path = "Lato-Heavy.ttf"; sourceTree = "<group>"; };
		35C9C3F02185496C00110F46 /* Lato-Light.ttf */ = {isa = PBXFileReference; lastKnownFileType = file; path = "Lato-Light.ttf"; sourceTree = "<group>"; };
		35C9C3F12185497100110F46 /* Lato-Black.ttf */ = {isa = PBXFileReference; lastKnownFileType = file; path = "Lato-Black.ttf"; sourceTree = "<group>"; };
		35C9C3F22185497500110F46 /* Lato-HeavyItalic.ttf */ = {isa = PBXFileReference; lastKnownFileType = file; path = "Lato-HeavyItalic.ttf"; sourceTree = "<group>"; };
		35C9C3F32185497B00110F46 /* Lato-Thin.ttf */ = {isa = PBXFileReference; lastKnownFileType = file; path = "Lato-Thin.ttf"; sourceTree = "<group>"; };
		35C9C3F42185498000110F46 /* Lato-Semibold.ttf */ = {isa = PBXFileReference; lastKnownFileType = file; path = "Lato-Semibold.ttf"; sourceTree = "<group>"; };
		35C9C3F52185498500110F46 /* Lato-MediumItalic.ttf */ = {isa = PBXFileReference; lastKnownFileType = file; path = "Lato-MediumItalic.ttf"; sourceTree = "<group>"; };
		35C9C3F62185498B00110F46 /* Lato-BoldItalic.ttf */ = {isa = PBXFileReference; lastKnownFileType = file; path = "Lato-BoldItalic.ttf"; sourceTree = "<group>"; };
		35C9C3F72185499000110F46 /* Lato-Hairline.ttf */ = {isa = PBXFileReference; lastKnownFileType = file; path = "Lato-Hairline.ttf"; sourceTree = "<group>"; };
		35C9C3F82185499400110F46 /* Lato-BlackItalic.ttf */ = {isa = PBXFileReference; lastKnownFileType = file; path = "Lato-BlackItalic.ttf"; sourceTree = "<group>"; };
		35CFAB182083052900054444 /* MuseumViewControllerList.swift */ = {isa = PBXFileReference; lastKnownFileType = sourcecode.swift; path = MuseumViewControllerList.swift; sourceTree = "<group>"; };
		35DCB61D20791E9800224480 /* library.png */ = {isa = PBXFileReference; lastKnownFileType = image.png; path = library.png; sourceTree = "<group>"; };
		580C106920CDCB2D004D5619 /* AppDelegate.swift */ = {isa = PBXFileReference; fileEncoding = 4; lastKnownFileType = sourcecode.swift; path = AppDelegate.swift; sourceTree = "<group>"; };
		581F70CC1F4287040064496C /* ArtViewController.swift */ = {isa = PBXFileReference; fileEncoding = 4; lastKnownFileType = sourcecode.swift; path = ArtViewController.swift; sourceTree = "<group>"; };
		581F71991F5B24610064496C /* LoginViewController.swift */ = {isa = PBXFileReference; fileEncoding = 4; lastKnownFileType = sourcecode.swift; path = LoginViewController.swift; sourceTree = "<group>"; };
		581F719B1F6993E70064496C /* FloorPlanViewController.swift */ = {isa = PBXFileReference; fileEncoding = 4; lastKnownFileType = sourcecode.swift; path = FloorPlanViewController.swift; sourceTree = "<group>"; };
		582037B31F33E82900C0F384 /* MuseumViewController.swift */ = {isa = PBXFileReference; fileEncoding = 4; lastKnownFileType = sourcecode.swift; path = MuseumViewController.swift; sourceTree = "<group>"; usesTabs = 0; };
		582037B51F33E8A300C0F384 /* CarouselView.xib */ = {isa = PBXFileReference; fileEncoding = 4; lastKnownFileType = file.xib; path = CarouselView.xib; sourceTree = "<group>"; };
		582037B71F369CCA00C0F384 /* CarouselView.swift */ = {isa = PBXFileReference; fileEncoding = 4; lastKnownFileType = sourcecode.swift; path = CarouselView.swift; sourceTree = "<group>"; };
		58233A751F219462008D125F /* CraftARResourcesODIR.bundle */ = {isa = PBXFileReference; lastKnownFileType = "wrapper.plug-in"; path = CraftARResourcesODIR.bundle; sourceTree = "<group>"; };
		58233A791F21A68D008D125F /* CraftAROnDeviceRecognitionSDK.framework */ = {isa = PBXFileReference; lastKnownFileType = wrapper.framework; name = CraftAROnDeviceRecognitionSDK.framework; path = Pods/CraftAROnDeviceRecognitionSDK.framework; sourceTree = "<group>"; };
		58233A7B1F21A6A0008D125F /* Pods.framework */ = {isa = PBXFileReference; lastKnownFileType = wrapper.framework; name = Pods.framework; path = Pods/Pods.framework; sourceTree = "<group>"; };
		582BBD7C1F412DE600CDD73E /* SDWebImage.framework */ = {isa = PBXFileReference; lastKnownFileType = wrapper.framework; name = SDWebImage.framework; path = "../../../Library/Developer/Xcode/DerivedData/DeFrameApp-bdewxslgezsniraaqpddjhhoxnhf/Build/Products/Debug-iphonesimulator/SDWebImage/SDWebImage.framework"; sourceTree = "<group>"; };
		586B948B1F11E09100F89AE8 /* Museum.swift */ = {isa = PBXFileReference; fileEncoding = 4; lastKnownFileType = sourcecode.swift; path = Museum.swift; sourceTree = "<group>"; };
		586B948E1F1305DF00F89AE8 /* SampleMuseum.json */ = {isa = PBXFileReference; fileEncoding = 4; lastKnownFileType = text.json; path = SampleMuseum.json; sourceTree = "<group>"; };
		586B94911F144D4500F89AE8 /* locationAnnotation.swift */ = {isa = PBXFileReference; fileEncoding = 4; lastKnownFileType = sourcecode.swift; path = locationAnnotation.swift; sourceTree = "<group>"; };
		586B94941F14A8C900F89AE8 /* AnnotationView.swift */ = {isa = PBXFileReference; fileEncoding = 4; lastKnownFileType = sourcecode.swift; path = AnnotationView.swift; sourceTree = "<group>"; };
		58F68F121F759BA6006F7510 /* ArtView.swift */ = {isa = PBXFileReference; fileEncoding = 4; lastKnownFileType = sourcecode.swift; path = ArtView.swift; sourceTree = "<group>"; };
		58F68F181F7A0AF5006F7510 /* MuseumDetails.xib */ = {isa = PBXFileReference; fileEncoding = 4; lastKnownFileType = file.xib; path = MuseumDetails.xib; sourceTree = "<group>"; };
		58F68F191F7A0AF5006F7510 /* MuseumDetailsView.swift */ = {isa = PBXFileReference; fileEncoding = 4; lastKnownFileType = sourcecode.swift; path = MuseumDetailsView.swift; sourceTree = "<group>"; };
		58FED4C21F40DC6800239CBC /* artCollectionViewCell.swift */ = {isa = PBXFileReference; fileEncoding = 4; lastKnownFileType = sourcecode.swift; path = artCollectionViewCell.swift; sourceTree = "<group>"; };
		61A2A6B9EF8C39827324BD97 /* Pods-DeFrameApp.release.xcconfig */ = {isa = PBXFileReference; includeInIndex = 1; lastKnownFileType = text.xcconfig; name = "Pods-DeFrameApp.release.xcconfig"; path = "Pods/Target Support Files/Pods-DeFrameApp/Pods-DeFrameApp.release.xcconfig"; sourceTree = "<group>"; };
		6BFCBE683780C4B20A3FCB6F /* Pods-DeFrameApp-DeFrameAppTests.debug.xcconfig */ = {isa = PBXFileReference; includeInIndex = 1; lastKnownFileType = text.xcconfig; name = "Pods-DeFrameApp-DeFrameAppTests.debug.xcconfig"; path = "Pods/Target Support Files/Pods-DeFrameApp-DeFrameAppTests/Pods-DeFrameApp-DeFrameAppTests.debug.xcconfig"; sourceTree = "<group>"; };
		78AB8B821B75E8AD250BDC34 /* Pods-DeFrameApp-DeFrameAppTests.release.xcconfig */ = {isa = PBXFileReference; includeInIndex = 1; lastKnownFileType = text.xcconfig; name = "Pods-DeFrameApp-DeFrameAppTests.release.xcconfig"; path = "Pods/Target Support Files/Pods-DeFrameApp-DeFrameAppTests/Pods-DeFrameApp-DeFrameAppTests.release.xcconfig"; sourceTree = "<group>"; };
		99CBF01BEDEC7A6D7B3C4CA4 /* Pods-DeFrameApp.debug.xcconfig */ = {isa = PBXFileReference; includeInIndex = 1; lastKnownFileType = text.xcconfig; name = "Pods-DeFrameApp.debug.xcconfig"; path = "Pods/Target Support Files/Pods-DeFrameApp/Pods-DeFrameApp.debug.xcconfig"; sourceTree = "<group>"; };
		A0533DDB1FBF8D1100452BF9 /* FeedbackViewController.swift */ = {isa = PBXFileReference; fileEncoding = 4; lastKnownFileType = sourcecode.swift; path = FeedbackViewController.swift; sourceTree = "<group>"; };
		A058F3781FC3C0F7001FC901 /* Constants.swift */ = {isa = PBXFileReference; lastKnownFileType = sourcecode.swift; path = Constants.swift; sourceTree = "<group>"; };
		A058F38B1FCFA7B0001FC901 /* ChatBotViewController.swift */ = {isa = PBXFileReference; fileEncoding = 4; lastKnownFileType = sourcecode.swift; path = ChatBotViewController.swift; sourceTree = "<group>"; };
		A083563D1FEAFB1600850FAA /* Bot Button@2x.png */ = {isa = PBXFileReference; lastKnownFileType = image.png; path = "Bot Button@2x.png"; sourceTree = "<group>"; };
		A083563E1FEAFB1900850FAA /* Directory button@2x.png */ = {isa = PBXFileReference; lastKnownFileType = image.png; path = "Directory button@2x.png"; sourceTree = "<group>"; };
		A0B6CCAE2088496C001060BE /* show-more-button-with-three-dots (1).png */ = {isa = PBXFileReference; lastKnownFileType = image.png; path = "show-more-button-with-three-dots (1).png"; sourceTree = "<group>"; };
		A0CBDFC81FB7F13600D36FAD /* PrivacyViewController.swift */ = {isa = PBXFileReference; fileEncoding = 4; lastKnownFileType = sourcecode.swift; path = PrivacyViewController.swift; sourceTree = "<group>"; };
		A0FE6278208D672F00948CDD /* Podfile */ = {isa = PBXFileReference; fileEncoding = 4; lastKnownFileType = text; path = Podfile; sourceTree = "<group>"; xcLanguageSpecificationIdentifier = xcode.lang.ruby; };
		D587A9E509B42E717AC93DC6 /* Pods_DeFrameApp_DeFrameAppTests.framework */ = {isa = PBXFileReference; explicitFileType = wrapper.framework; includeInIndex = 0; path = Pods_DeFrameApp_DeFrameAppTests.framework; sourceTree = BUILT_PRODUCTS_DIR; };
		F47029F01A7F27DB00E30A3C /* DeFrameApp.app */ = {isa = PBXFileReference; explicitFileType = wrapper.application; includeInIndex = 0; path = DeFrameApp.app; sourceTree = BUILT_PRODUCTS_DIR; };
		F47029F41A7F27DB00E30A3C /* Info.plist */ = {isa = PBXFileReference; lastKnownFileType = text.plist.xml; path = Info.plist; sourceTree = "<group>"; };
		F47029FA1A7F27DB00E30A3C /* Base */ = {isa = PBXFileReference; lastKnownFileType = file.storyboard; name = Base; path = Base.lproj/Main.storyboard; sourceTree = "<group>"; };
		F47029FC1A7F27DB00E30A3C /* Images.xcassets */ = {isa = PBXFileReference; lastKnownFileType = folder.assetcatalog; path = Images.xcassets; sourceTree = "<group>"; };
		F47029FF1A7F27DB00E30A3C /* Base */ = {isa = PBXFileReference; lastKnownFileType = file.xib; name = Base; path = Base.lproj/LaunchScreen.xib; sourceTree = "<group>"; };
		F4702A051A7F27DC00E30A3C /* DeFrameAppTests.xctest */ = {isa = PBXFileReference; explicitFileType = wrapper.cfbundle; includeInIndex = 0; path = DeFrameAppTests.xctest; sourceTree = BUILT_PRODUCTS_DIR; };
		F4702A0A1A7F27DC00E30A3C /* Info.plist */ = {isa = PBXFileReference; lastKnownFileType = text.plist.xml; path = Info.plist; sourceTree = "<group>"; };
		F4702A0B1A7F27DC00E30A3C /* SidebarMenuTests.swift */ = {isa = PBXFileReference; lastKnownFileType = sourcecode.swift; path = SidebarMenuTests.swift; sourceTree = "<group>"; };
		F4702A151A7F342F00E30A3C /* MapKit.framework */ = {isa = PBXFileReference; lastKnownFileType = wrapper.framework; name = MapKit.framework; path = System/Library/Frameworks/MapKit.framework; sourceTree = SDKROOT; };
		F4702A171A7F351C00E30A3C /* MenuController.swift */ = {isa = PBXFileReference; fileEncoding = 4; lastKnownFileType = sourcecode.swift; path = MenuController.swift; sourceTree = "<group>"; };
		F491E7491A7F4B300026528E /* NewsTableViewController.swift */ = {isa = PBXFileReference; fileEncoding = 4; lastKnownFileType = sourcecode.swift; path = NewsTableViewController.swift; sourceTree = "<group>"; };
		F491E74B1A7F4C630026528E /* NewsTableViewCell.swift */ = {isa = PBXFileReference; fileEncoding = 4; lastKnownFileType = sourcecode.swift; path = NewsTableViewCell.swift; sourceTree = "<group>"; };
		F491E7521A7F7DF20026528E /* MapViewController.swift */ = {isa = PBXFileReference; fileEncoding = 4; lastKnownFileType = sourcecode.swift; path = MapViewController.swift; sourceTree = "<group>"; };
		F491E7541A7F7E010026528E /* TermsAndConditionViewController.swift */ = {isa = PBXFileReference; fileEncoding = 4; lastKnownFileType = sourcecode.swift; path = TermsAndConditionViewController.swift; sourceTree = "<group>"; };
		F4D750151BD38F0C009E1003 /* SidebarMenu-Bridging-Header.h */ = {isa = PBXFileReference; lastKnownFileType = sourcecode.c.h; path = "SidebarMenu-Bridging-Header.h"; sourceTree = "<group>"; };
		F4D750161BD38F0C009E1003 /* SWRevealViewController.h */ = {isa = PBXFileReference; fileEncoding = 4; lastKnownFileType = sourcecode.c.h; path = SWRevealViewController.h; sourceTree = "<group>"; };
		F4D750171BD38F0C009E1003 /* SWRevealViewController.m */ = {isa = PBXFileReference; fileEncoding = 4; lastKnownFileType = sourcecode.c.objc; path = SWRevealViewController.m; sourceTree = "<group>"; };
/* End PBXFileReference section */

/* Begin PBXFrameworksBuildPhase section */
		F47029ED1A7F27DB00E30A3C /* Frameworks */ = {
			isa = PBXFrameworksBuildPhase;
			buildActionMask = 2147483647;
			files = (
				3556093820635ED700621E4F /* CoreData.framework in Frameworks */,
				582BBD7D1F412DE600CDD73E /* SDWebImage.framework in Frameworks */,
				58233A7C1F21A6A0008D125F /* Pods.framework in Frameworks */,
				58233A7A1F21A68D008D125F /* CraftAROnDeviceRecognitionSDK.framework in Frameworks */,
				F4702A161A7F342F00E30A3C /* MapKit.framework in Frameworks */,
				2C1D9F9BE02BB981F93AB80E /* Pods_DeFrameApp.framework in Frameworks */,
			);
			runOnlyForDeploymentPostprocessing = 0;
		};
		F4702A021A7F27DC00E30A3C /* Frameworks */ = {
			isa = PBXFrameworksBuildPhase;
			buildActionMask = 2147483647;
			files = (
				64F69AB6FC7476B2A0C4EF27 /* Pods_DeFrameApp_DeFrameAppTests.framework in Frameworks */,
			);
			runOnlyForDeploymentPostprocessing = 0;
		};
/* End PBXFrameworksBuildPhase section */

/* Begin PBXGroup section */
		2ABFD8F0611323E53C5B83E4 /* Pods */ = {
			isa = PBXGroup;
			children = (
				99CBF01BEDEC7A6D7B3C4CA4 /* Pods-DeFrameApp.debug.xcconfig */,
				61A2A6B9EF8C39827324BD97 /* Pods-DeFrameApp.release.xcconfig */,
				6BFCBE683780C4B20A3FCB6F /* Pods-DeFrameApp-DeFrameAppTests.debug.xcconfig */,
				78AB8B821B75E8AD250BDC34 /* Pods-DeFrameApp-DeFrameAppTests.release.xcconfig */,
			);
			name = Pods;
			sourceTree = "<group>";
		};
		3581676D21A0E49400758EA5 /* Artists */ = {
			isa = PBXGroup;
			children = (
				3581676E21A0E4CE00758EA5 /* ArtistsViewController.swift */,
			);
			name = Artists;
			sourceTree = "<group>";
		};
		35C9C3E62185491D00110F46 /* Font Lato */ = {
			isa = PBXGroup;
			children = (
				35C9C3F12185497100110F46 /* Lato-Black.ttf */,
				35C9C3F82185499400110F46 /* Lato-BlackItalic.ttf */,
				35C9C3EC2185495700110F46 /* Lato-Bold.ttf */,
				35C9C3F62185498B00110F46 /* Lato-BoldItalic.ttf */,
				35C9C3F72185499000110F46 /* Lato-Hairline.ttf */,
				35C9C3E92185494700110F46 /* Lato-HairlineItalic.ttf */,
				35C9C3EF2185496700110F46 /* Lato-Heavy.ttf */,
				35C9C3F22185497500110F46 /* Lato-HeavyItalic.ttf */,
				35C9C3EE2185496100110F46 /* Lato-Italic.ttf */,
				35C9C3F02185496C00110F46 /* Lato-Light.ttf */,
				35C9C3EB2185495200110F46 /* Lato-LightItalic.ttf */,
				35C9C3E72185493D00110F46 /* Lato-Medium.ttf */,
				35C9C3F52185498500110F46 /* Lato-MediumItalic.ttf */,
				35C9C3EA2185494D00110F46 /* Lato-Regular.ttf */,
				35C9C3F42185498000110F46 /* Lato-Semibold.ttf */,
				35C9C3E82185494200110F46 /* Lato-SemiboldItalic.ttf */,
				35C9C3F32185497B00110F46 /* Lato-Thin.ttf */,
				35C9C3ED2185495C00110F46 /* Lato-ThinItalic.ttf */,
			);
			name = "Font Lato";
			sourceTree = "<group>";
		};
		A058F37A1FC40A95001FC901 /* Login */ = {
			isa = PBXGroup;
			children = (
				581F71991F5B24610064496C /* LoginViewController.swift */,
			);
			name = Login;
			sourceTree = "<group>";
		};
		A058F37B1FC40AA3001FC901 /* MuseumScreen */ = {
			isa = PBXGroup;
			children = (
				582037B71F369CCA00C0F384 /* CarouselView.swift */,
				A058F37E1FC40B03001FC901 /* PrivacyScreen */,
				58F68F191F7A0AF5006F7510 /* MuseumDetailsView.swift */,
				58FED4C21F40DC6800239CBC /* artCollectionViewCell.swift */,
				F491E7521A7F7DF20026528E /* MapViewController.swift */,
				582037B31F33E82900C0F384 /* MuseumViewController.swift */,
				581F70CC1F4287040064496C /* ArtViewController.swift */,
				3552EC91209FB9E200D1C29D /* display.png */,
				3552EC95209FD51700D1C29D /* avatar.png */,
				35C6CEE720A0076700E3E220 /* robot.png */,
				3552EC93209FD3DE00D1C29D /* compass.png */,
				58F68F121F759BA6006F7510 /* ArtView.swift */,
				586B948B1F11E09100F89AE8 /* Museum.swift */,
				356813A6201AD3C40094B16E /* NewMuseumViewController.swift */,
				35490F21201ADCDD00429192 /* artHeaderCollectionReusableView.swift */,
				3544612F20748B2300FA1CBF /* MuseumTableViewCell.swift */,
				3544613220748B9200FA1CBF /* ListTableViewController.swift */,
				35CFAB182083052900054444 /* MuseumViewControllerList.swift */,
				35C10C162178093900E0D6A3 /* ImageViewController.swift */,
				35C10C192178278400E0D6A3 /* Interactor.swift */,
				35C10C1C2178285200E0D6A3 /* Dismiss.swift */,
				35A7C7D12198CCFA00D219A5 /* WebViewController.swift */,
			);
			name = MuseumScreen;
			sourceTree = "<group>";
		};
		A058F37C1FC40AB5001FC901 /* MenuScreen */ = {
			isa = PBXGroup;
			children = (
				A0B6CCAE2088496C001060BE /* show-more-button-with-three-dots (1).png */,
				35DCB61D20791E9800224480 /* library.png */,
				359615C82079B51A00B6760D /* info.png */,
				359615DA2079BD4000B6760D /* bank.png */,
				359615D42079BCE900B6760D /* info (1).png */,
				359615D52079BCED00B6760D /* secure-file (1).png */,
				359615CE2079B5E100B6760D /* feedback.png */,
				359615D12079B6D900B6760D /* feedback (1).png */,
				35BCA3202079DAD40068E899 /* secure-file (2).png */,
				35BCA3222079DB160068E899 /* info (2).png */,
				35BCA3242079DB830068E899 /* feedback (2).png */,
				35BCA31E2079D7BD0068E899 /* bank (1).png */,
				359615C92079B51D00B6760D /* secure-file.png */,
				F491E7491A7F4B300026528E /* NewsTableViewController.swift */,
				F491E74B1A7F4C630026528E /* NewsTableViewCell.swift */,
				F4702A171A7F351C00E30A3C /* MenuController.swift */,
				3569731E20A2AA55006340EC /* AccountViewController.swift */,
			);
			name = MenuScreen;
			sourceTree = "<group>";
		};
		A058F37D1FC40AF0001FC901 /* FeedbackScreen */ = {
			isa = PBXGroup;
			children = (
				A0533DDB1FBF8D1100452BF9 /* FeedbackViewController.swift */,
			);
			name = FeedbackScreen;
			sourceTree = "<group>";
		};
		A058F37E1FC40B03001FC901 /* PrivacyScreen */ = {
			isa = PBXGroup;
			children = (
				3552EC8F209FB9A500D1C29D /* MAP.png */,
				A0CBDFC81FB7F13600D36FAD /* PrivacyViewController.swift */,
			);
			name = PrivacyScreen;
			sourceTree = "<group>";
		};
		A058F37F1FC40B0E001FC901 /* Utils */ = {
			isa = PBXGroup;
			children = (
				A058F3781FC3C0F7001FC901 /* Constants.swift */,
				586B94941F14A8C900F89AE8 /* AnnotationView.swift */,
				586B94911F144D4500F89AE8 /* locationAnnotation.swift */,
			);
			name = Utils;
			sourceTree = "<group>";
		};
		A058F3841FC40B64001FC901 /* TermsandconditionScreen */ = {
			isa = PBXGroup;
			children = (
				F491E7541A7F7E010026528E /* TermsAndConditionViewController.swift */,
			);
			name = TermsandconditionScreen;
			sourceTree = "<group>";
		};
		A058F38A1FCFA76C001FC901 /* ChatBotScreen */ = {
			isa = PBXGroup;
			children = (
				A058F38B1FCFA7B0001FC901 /* ChatBotViewController.swift */,
			);
			name = ChatBotScreen;
			sourceTree = "<group>";
		};
		A0C8B2D4208D940A00205612 /* RegisterUserScreen */ = {
			isa = PBXGroup;
			children = (
				35A25EB0204DF9720023A77D /* UploadProfilePicViewController.swift */,
				35A25EB3204DF9820023A77D /* NewUser.swift */,
				357E908D206890C600B595D5 /* GuestViewHeader.swift */,
				35A25EAD204DF9580023A77D /* RegistrationViewController.swift */,
				3556093420635E3300621E4F /* loginedUser.xcdatamodeld */,
				3557CEDE20675B4B00548D99 /* GuestViewSetUp.swift */,
				3557CEF9206868A400548D99 /* GuestCell.swift */,
				35A25EAA204DF9450023A77D /* UserNamePasswordViewController.swift */,
			);
			name = RegisterUserScreen;
			sourceTree = "<group>";
		};
		A0C8B2D5208D950900205612 /* FloorPlanScreen */ = {
			isa = PBXGroup;
			children = (
				581F719B1F6993E70064496C /* FloorPlanViewController.swift */,
			);
			name = FloorPlanScreen;
			sourceTree = "<group>";
		};
		F47029E71A7F27DB00E30A3C = {
			isa = PBXGroup;
			children = (
				A0FE6278208D672F00948CDD /* Podfile */,
				58233A751F219462008D125F /* CraftARResourcesODIR.bundle */,
				F47029F21A7F27DB00E30A3C /* DeFrame */,
				F4702A081A7F27DC00E30A3C /* SidebarMenuTests */,
				F47029F11A7F27DB00E30A3C /* Products */,
				2ABFD8F0611323E53C5B83E4 /* Pods */,
				F4702A151A7F342F00E30A3C /* MapKit.framework */,
				F923C9EBD7542375F3AD88E4 /* Frameworks */,
			);
			sourceTree = "<group>";
		};
		F47029F11A7F27DB00E30A3C /* Products */ = {
			isa = PBXGroup;
			children = (
				F47029F01A7F27DB00E30A3C /* DeFrameApp.app */,
				F4702A051A7F27DC00E30A3C /* DeFrameAppTests.xctest */,
			);
			name = Products;
			sourceTree = "<group>";
		};
		F47029F21A7F27DB00E30A3C /* DeFrame */ = {
			isa = PBXGroup;
			children = (
				3581676D21A0E49400758EA5 /* Artists */,
				35C9C3E62185491D00110F46 /* Font Lato */,
				F47029F41A7F27DB00E30A3C /* Info.plist */,
				F47029F91A7F27DB00E30A3C /* Main.storyboard */,
				580C106920CDCB2D004D5619 /* AppDelegate.swift */,
				A0C8B2D5208D950900205612 /* FloorPlanScreen */,
				A0C8B2D4208D940A00205612 /* RegisterUserScreen */,
				A058F38A1FCFA76C001FC901 /* ChatBotScreen */,
				A058F3841FC40B64001FC901 /* TermsandconditionScreen */,
				A058F37F1FC40B0E001FC901 /* Utils */,
				A058F37D1FC40AF0001FC901 /* FeedbackScreen */,
				A058F37A1FC40A95001FC901 /* Login */,
				A058F37B1FC40AA3001FC901 /* MuseumScreen */,
				A058F37C1FC40AB5001FC901 /* MenuScreen */,
				586B948E1F1305DF00F89AE8 /* SampleMuseum.json */,
				F47029FE1A7F27DB00E30A3C /* LaunchScreen.xib */,
				582037B51F33E8A300C0F384 /* CarouselView.xib */,
				58F68F181F7A0AF5006F7510 /* MuseumDetails.xib */,
				F4D750141BD38E56009E1003 /* SWRevealViewController */,
				F47029F31A7F27DB00E30A3C /* Supporting Files */,
				F47029FC1A7F27DB00E30A3C /* Images.xcassets */,
				35A25EB9204DFA7C0023A77D /* Logo.png */,
				35A25EB6204DF9930023A77D /* Background.png */,
			);
			name = DeFrame;
			path = SidebarMenu;
			sourceTree = "<group>";
		};
		F47029F31A7F27DB00E30A3C /* Supporting Files */ = {
			isa = PBXGroup;
			children = (
				A083563E1FEAFB1900850FAA /* Directory button@2x.png */,
				351B5D932067357300F3D6E8 /* UrlImage.png */,
				3557CEE320685E9500548D99 /* userPic3.png */,
				3557CEE120685E8B00548D99 /* userPic4.png */,
				3557CEF220685F2700548D99 /* userPic8.png */,
				3557CEF120685F2100548D99 /* userPic9.png */,
				357E908B20688FDA00B595D5 /* userPic11.png */,
				3557CEF020685F2100548D99 /* UserProfile.png */,
				3557CEE220685E8C00548D99 /* userPic5.png */,
				3557CEE520685E9A00548D99 /* userPic7.png */,
				3557CEE420685E9A00548D99 /* UserProfile.png */,
				351B5D962067576A00F3D6E8 /* userPic2.png */,
				351B5D952067576500F3D6E8 /* UserProfile.png */,
				35488E5020101F9800A2858A /* images.png */,
				A083563D1FEAFB1600850FAA /* Bot Button@2x.png */,
				35B0DA89208ECE640005272C /* Info.plist */,
			);
			name = "Supporting Files";
			sourceTree = "<group>";
		};
		F4702A081A7F27DC00E30A3C /* SidebarMenuTests */ = {
			isa = PBXGroup;
			children = (
				F4702A0B1A7F27DC00E30A3C /* SidebarMenuTests.swift */,
				F4702A091A7F27DC00E30A3C /* Supporting Files */,
			);
			path = SidebarMenuTests;
			sourceTree = "<group>";
		};
		F4702A091A7F27DC00E30A3C /* Supporting Files */ = {
			isa = PBXGroup;
			children = (
				F4702A0A1A7F27DC00E30A3C /* Info.plist */,
			);
			name = "Supporting Files";
			sourceTree = "<group>";
		};
		F4D750141BD38E56009E1003 /* SWRevealViewController */ = {
			isa = PBXGroup;
			children = (
				F4D750161BD38F0C009E1003 /* SWRevealViewController.h */,
				F4D750171BD38F0C009E1003 /* SWRevealViewController.m */,
				F4D750151BD38F0C009E1003 /* SidebarMenu-Bridging-Header.h */,
			);
			name = SWRevealViewController;
			sourceTree = "<group>";
		};
		F923C9EBD7542375F3AD88E4 /* Frameworks */ = {
			isa = PBXGroup;
			children = (
				3556093720635ED700621E4F /* CoreData.framework */,
				582BBD7C1F412DE600CDD73E /* SDWebImage.framework */,
				58233A7B1F21A6A0008D125F /* Pods.framework */,
				58233A791F21A68D008D125F /* CraftAROnDeviceRecognitionSDK.framework */,
				17CD2666E740BAE932E3FA5D /* Pods_DeFrameApp.framework */,
				D587A9E509B42E717AC93DC6 /* Pods_DeFrameApp_DeFrameAppTests.framework */,
			);
			name = Frameworks;
			sourceTree = "<group>";
		};
/* End PBXGroup section */

/* Begin PBXNativeTarget section */
		F47029EF1A7F27DB00E30A3C /* DeFrameApp */ = {
			isa = PBXNativeTarget;
			buildConfigurationList = F4702A0F1A7F27DC00E30A3C /* Build configuration list for PBXNativeTarget "DeFrameApp" */;
			buildPhases = (
				D1D10C2BB9F58FED3D3B2158 /* [CP] Check Pods Manifest.lock */,
				F47029EC1A7F27DB00E30A3C /* Sources */,
				F47029ED1A7F27DB00E30A3C /* Frameworks */,
				F47029EE1A7F27DB00E30A3C /* Resources */,
				32ACFF2876E54B036C882144 /* [CP] Embed Pods Frameworks */,
			);
			buildRules = (
			);
			dependencies = (
			);
			name = DeFrameApp;
			productName = SidebarMenu;
			productReference = F47029F01A7F27DB00E30A3C /* DeFrameApp.app */;
			productType = "com.apple.product-type.application";
		};
		F4702A041A7F27DC00E30A3C /* DeFrameAppTests */ = {
			isa = PBXNativeTarget;
			buildConfigurationList = F4702A121A7F27DC00E30A3C /* Build configuration list for PBXNativeTarget "DeFrameAppTests" */;
			buildPhases = (
				A28D34889E5925A4053CCF74 /* [CP] Check Pods Manifest.lock */,
				F4702A011A7F27DC00E30A3C /* Sources */,
				F4702A021A7F27DC00E30A3C /* Frameworks */,
				F4702A031A7F27DC00E30A3C /* Resources */,
				E65C640B1A68DE0435E5B33E /* [CP] Embed Pods Frameworks */,
			);
			buildRules = (
			);
			dependencies = (
				F4702A071A7F27DC00E30A3C /* PBXTargetDependency */,
			);
			name = DeFrameAppTests;
			productName = SidebarMenuTests;
			productReference = F4702A051A7F27DC00E30A3C /* DeFrameAppTests.xctest */;
			productType = "com.apple.product-type.bundle.unit-test";
		};
/* End PBXNativeTarget section */

/* Begin PBXProject section */
		F47029E81A7F27DB00E30A3C /* Project object */ = {
			isa = PBXProject;
			attributes = {
				LastSwiftUpdateCheck = 0700;
				LastUpgradeCheck = 0830;
				ORGANIZATIONNAME = DeFrame;
				TargetAttributes = {
					F47029EF1A7F27DB00E30A3C = {
						CreatedOnToolsVersion = 6.1.1;
						DevelopmentTeam = J42C78J3VY;
						LastSwiftMigration = 0830;
						SystemCapabilities = {
							com.apple.Maps.iOS = {
								enabled = 1;
							};
						};
					};
					F4702A041A7F27DC00E30A3C = {
						CreatedOnToolsVersion = 6.1.1;
						DevelopmentTeam = J42C78J3VY;
						LastSwiftMigration = 0830;
						ProvisioningStyle = Automatic;
						TestTargetID = F47029EF1A7F27DB00E30A3C;
					};
				};
			};
			buildConfigurationList = F47029EB1A7F27DB00E30A3C /* Build configuration list for PBXProject "DeFrameApp" */;
			compatibilityVersion = "Xcode 3.2";
			developmentRegion = English;
			hasScannedForEncodings = 0;
			knownRegions = (
				en,
				Base,
			);
			mainGroup = F47029E71A7F27DB00E30A3C;
			productRefGroup = F47029F11A7F27DB00E30A3C /* Products */;
			projectDirPath = "";
			projectRoot = "";
			targets = (
				F47029EF1A7F27DB00E30A3C /* DeFrameApp */,
				F4702A041A7F27DC00E30A3C /* DeFrameAppTests */,
			);
		};
/* End PBXProject section */

/* Begin PBXResourcesBuildPhase section */
		F47029EE1A7F27DB00E30A3C /* Resources */ = {
			isa = PBXResourcesBuildPhase;
			buildActionMask = 2147483647;
			files = (
				35C9C4032185499A00110F46 /* Lato-Bold.ttf in Resources */,
				35C9C40B2185499A00110F46 /* Lato-Light.ttf in Resources */,
				35C9C41B2185499A00110F46 /* Lato-BlackItalic.ttf in Resources */,
				35C9C4072185499A00110F46 /* Lato-Italic.ttf in Resources */,
				35DCB61E20791E9A00224480 /* library.png in Resources */,
				35A25EBA204DFA7D0023A77D /* Logo.png in Resources */,
				35C9C40F2185499A00110F46 /* Lato-HeavyItalic.ttf in Resources */,
				3557CEEA20685E9B00548D99 /* userPic3.png in Resources */,
				58233A761F219462008D125F /* CraftARResourcesODIR.bundle in Resources */,
				3552EC92209FB9EB00D1C29D /* display.png in Resources */,
				35C9C4112185499A00110F46 /* Lato-Thin.ttf in Resources */,
				35C9C3FB2185499A00110F46 /* Lato-SemiboldItalic.ttf in Resources */,
				35C9C4052185499A00110F46 /* Lato-ThinItalic.ttf in Resources */,
				351B5D942067357400F3D6E8 /* UrlImage.png in Resources */,
				35A25EB7204DF9960023A77D /* Background.png in Resources */,
				3552EC94209FD43900D1C29D /* compass.png in Resources */,
				357E908C20688FDA00B595D5 /* userPic11.png in Resources */,
				359615D62079BCF000B6760D /* info (1).png in Resources */,
				3557CEF720685F2C00548D99 /* userPic8.png in Resources */,
				35BCA3232079DB1A0068E899 /* info (2).png in Resources */,
				359615CF2079B5E500B6760D /* feedback.png in Resources */,
				35BCA3252079DB870068E899 /* feedback (2).png in Resources */,
				3555AF9E201E6C6700202931 /* Main.storyboard in Resources */,
				35488E5120101F9900A2858A /* images.png in Resources */,
				3557CEF520685F2C00548D99 /* userPic9.png in Resources */,
				359615CA2079B52000B6760D /* info.png in Resources */,
				35BCA31F2079D7C20068E899 /* bank (1).png in Resources */,
				35C9C4192185499A00110F46 /* Lato-Hairline.ttf in Resources */,
				A0B6CCAF2088496D001060BE /* show-more-button-with-three-dots (1).png in Resources */,
				35BCA3212079DAD90068E899 /* secure-file (2).png in Resources */,
				351B5D982067577000F3D6E8 /* userPic2.png in Resources */,
				3557CEEC20685E9B00548D99 /* UserProfile.png in Resources */,
				35C9C40D2185499A00110F46 /* Lato-Black.ttf in Resources */,
				35C9C4152185499A00110F46 /* Lato-MediumItalic.ttf in Resources */,
				A08356401FEAFB1A00850FAA /* Directory button@2x.png in Resources */,
				58F68F1A1F7A0AF5006F7510 /* MuseumDetails.xib in Resources */,
				35C9C3FD2185499A00110F46 /* Lato-HairlineItalic.ttf in Resources */,
				35C9C3F92185499A00110F46 /* Lato-Medium.ttf in Resources */,
				582037B61F33E8A300C0F384 /* CarouselView.xib in Resources */,
				3552EC90209FB9A500D1C29D /* MAP.png in Resources */,
				3557CEF320685F2C00548D99 /* UserProfile.png in Resources */,
				359615D22079B6DA00B6760D /* feedback (1).png in Resources */,
				359615CC2079B52000B6760D /* secure-file.png in Resources */,
				35C9C4092185499A00110F46 /* Lato-Heavy.ttf in Resources */,
				A0FE6279208D672F00948CDD /* Podfile in Resources */,
				35B0DA8A208ECE650005272C /* Info.plist in Resources */,
				359615DB2079BD4A00B6760D /* bank.png in Resources */,
				F4702A001A7F27DC00E30A3C /* LaunchScreen.xib in Resources */,
				F47029FD1A7F27DB00E30A3C /* Images.xcassets in Resources */,
				35C6CEE820A0076900E3E220 /* robot.png in Resources */,
				35C9C4172185499A00110F46 /* Lato-BoldItalic.ttf in Resources */,
				35C9C3FF2185499A00110F46 /* Lato-Regular.ttf in Resources */,
				586B948F1F1305DF00F89AE8 /* SampleMuseum.json in Resources */,
				3552EC96209FD54200D1C29D /* avatar.png in Resources */,
				3557CEE820685E9B00548D99 /* userPic5.png in Resources */,
				35C9C4012185499A00110F46 /* Lato-LightItalic.ttf in Resources */,
				3557CEEE20685E9B00548D99 /* userPic7.png in Resources */,
				3557CEE620685E9B00548D99 /* userPic4.png in Resources */,
				A083563F1FEAFB1900850FAA /* Bot Button@2x.png in Resources */,
				359615D82079BCF000B6760D /* secure-file (1).png in Resources */,
				35C9C4132185499A00110F46 /* Lato-Semibold.ttf in Resources */,
			);
			runOnlyForDeploymentPostprocessing = 0;
		};
		F4702A031A7F27DC00E30A3C /* Resources */ = {
			isa = PBXResourcesBuildPhase;
			buildActionMask = 2147483647;
			files = (
				35C9C4142185499A00110F46 /* Lato-Semibold.ttf in Resources */,
				35C9C40A2185499A00110F46 /* Lato-Heavy.ttf in Resources */,
				35D0DAF42082D07B0067A5BA /* Main.storyboard in Resources */,
				35C9C4062185499A00110F46 /* Lato-ThinItalic.ttf in Resources */,
				35A25EBB204DFA7D0023A77D /* Logo.png in Resources */,
				35C9C41C2185499A00110F46 /* Lato-BlackItalic.ttf in Resources */,
				35C9C4182185499A00110F46 /* Lato-BoldItalic.ttf in Resources */,
				35C9C40E2185499A00110F46 /* Lato-Black.ttf in Resources */,
				35C9C3FE2185499A00110F46 /* Lato-HairlineItalic.ttf in Resources */,
				3557CEF820685F2C00548D99 /* userPic8.png in Resources */,
				35C9C3FA2185499A00110F46 /* Lato-Medium.ttf in Resources */,
				35C9C4162185499A00110F46 /* Lato-MediumItalic.ttf in Resources */,
				359615D72079BCF000B6760D /* info (1).png in Resources */,
				3557CEF420685F2C00548D99 /* UserProfile.png in Resources */,
				3557CEEF20685E9B00548D99 /* userPic7.png in Resources */,
				35C9C4122185499A00110F46 /* Lato-Thin.ttf in Resources */,
				3557CEEB20685E9B00548D99 /* userPic3.png in Resources */,
				586B94901F1305DF00F89AE8 /* SampleMuseum.json in Resources */,
				3557CEE920685E9B00548D99 /* userPic5.png in Resources */,
				35C9C3FC2185499A00110F46 /* Lato-SemiboldItalic.ttf in Resources */,
				35C9C4082185499A00110F46 /* Lato-Italic.ttf in Resources */,
				35C9C41A2185499A00110F46 /* Lato-Hairline.ttf in Resources */,
				35C9C4102185499A00110F46 /* Lato-HeavyItalic.ttf in Resources */,
				35DCB61F20791E9A00224480 /* library.png in Resources */,
				3557CEE720685E9B00548D99 /* userPic4.png in Resources */,
				3557CEF620685F2C00548D99 /* userPic9.png in Resources */,
				359615D32079B6DA00B6760D /* feedback (1).png in Resources */,
				35C9C4042185499A00110F46 /* Lato-Bold.ttf in Resources */,
				359615DC2079BD4A00B6760D /* bank.png in Resources */,
				35C9C4002185499A00110F46 /* Lato-Regular.ttf in Resources */,
				359615D92079BCF000B6760D /* secure-file (1).png in Resources */,
				35C9C40C2185499A00110F46 /* Lato-Light.ttf in Resources */,
				359615CD2079B52000B6760D /* secure-file.png in Resources */,
				35A25EB8204DF9960023A77D /* Background.png in Resources */,
				359615CB2079B52000B6760D /* info.png in Resources */,
				359615D02079B5E500B6760D /* feedback.png in Resources */,
				3557CEED20685E9B00548D99 /* UserProfile.png in Resources */,
				35B0DA8B208ECE650005272C /* Info.plist in Resources */,
				35C9C4022185499A00110F46 /* Lato-LightItalic.ttf in Resources */,
			);
			runOnlyForDeploymentPostprocessing = 0;
		};
/* End PBXResourcesBuildPhase section */

/* Begin PBXShellScriptBuildPhase section */
		32ACFF2876E54B036C882144 /* [CP] Embed Pods Frameworks */ = {
			isa = PBXShellScriptBuildPhase;
			buildActionMask = 2147483647;
			files = (
			);
			inputPaths = (
				"${SRCROOT}/Pods/Target Support Files/Pods-DeFrameApp/Pods-DeFrameApp-frameworks.sh",
				"${BUILT_PRODUCTS_DIR}/ApiAI/ApiAI.framework",
				"${BUILT_PRODUCTS_DIR}/Bolts/Bolts.framework",
				"${BUILT_PRODUCTS_DIR}/BubbleTransition/BubbleTransition.framework",
				"${BUILT_PRODUCTS_DIR}/ChameleonFramework/ChameleonFramework.framework",
				"${BUILT_PRODUCTS_DIR}/DGRunkeeperSwitch/DGRunkeeperSwitch.framework",
				"${BUILT_PRODUCTS_DIR}/FBSDKCoreKit/FBSDKCoreKit.framework",
				"${BUILT_PRODUCTS_DIR}/FBSDKLoginKit/FBSDKLoginKit.framework",
				"${BUILT_PRODUCTS_DIR}/FBSDKShareKit/FBSDKShareKit.framework",
				"${BUILT_PRODUCTS_DIR}/FacebookCore/FacebookCore.framework",
				"${BUILT_PRODUCTS_DIR}/FacebookLogin/FacebookLogin.framework",
				"${BUILT_PRODUCTS_DIR}/FacebookShare/FacebookShare.framework",
				"${BUILT_PRODUCTS_DIR}/FontAwesomeKit/FontAwesomeKit.framework",
				"${BUILT_PRODUCTS_DIR}/JSQMessagesViewController/JSQMessagesViewController.framework",
				"${BUILT_PRODUCTS_DIR}/JSQSystemSoundPlayer/JSQSystemSoundPlayer.framework",
				"${BUILT_PRODUCTS_DIR}/MBProgressHUD/MBProgressHUD.framework",
				"${BUILT_PRODUCTS_DIR}/MDFInternationalization/MDFInternationalization.framework",
				"${BUILT_PRODUCTS_DIR}/MDFTextAccessibility/MDFTextAccessibility.framework",
				"${BUILT_PRODUCTS_DIR}/MaterialComponents/MaterialComponents.framework",
				"${BUILT_PRODUCTS_DIR}/MotionAnimator/MotionAnimator.framework",
				"${BUILT_PRODUCTS_DIR}/MotionInterchange/MotionInterchange.framework",
				"${BUILT_PRODUCTS_DIR}/MotionTransitioning/MotionTransitioning.framework",
				"${BUILT_PRODUCTS_DIR}/SDWebImage/SDWebImage.framework",
				"${BUILT_PRODUCTS_DIR}/ScalingCarousel/ScalingCarousel.framework",
				"${BUILT_PRODUCTS_DIR}/SwiftyJSON/SwiftyJSON.framework",
				"${BUILT_PRODUCTS_DIR}/Tamamushi/Tamamushi.framework",
			);
			name = "[CP] Embed Pods Frameworks";
			outputPaths = (
				"${TARGET_BUILD_DIR}/${FRAMEWORKS_FOLDER_PATH}/ApiAI.framework",
				"${TARGET_BUILD_DIR}/${FRAMEWORKS_FOLDER_PATH}/Bolts.framework",
				"${TARGET_BUILD_DIR}/${FRAMEWORKS_FOLDER_PATH}/BubbleTransition.framework",
				"${TARGET_BUILD_DIR}/${FRAMEWORKS_FOLDER_PATH}/ChameleonFramework.framework",
				"${TARGET_BUILD_DIR}/${FRAMEWORKS_FOLDER_PATH}/DGRunkeeperSwitch.framework",
				"${TARGET_BUILD_DIR}/${FRAMEWORKS_FOLDER_PATH}/FBSDKCoreKit.framework",
				"${TARGET_BUILD_DIR}/${FRAMEWORKS_FOLDER_PATH}/FBSDKLoginKit.framework",
				"${TARGET_BUILD_DIR}/${FRAMEWORKS_FOLDER_PATH}/FBSDKShareKit.framework",
				"${TARGET_BUILD_DIR}/${FRAMEWORKS_FOLDER_PATH}/FacebookCore.framework",
				"${TARGET_BUILD_DIR}/${FRAMEWORKS_FOLDER_PATH}/FacebookLogin.framework",
				"${TARGET_BUILD_DIR}/${FRAMEWORKS_FOLDER_PATH}/FacebookShare.framework",
				"${TARGET_BUILD_DIR}/${FRAMEWORKS_FOLDER_PATH}/FontAwesomeKit.framework",
				"${TARGET_BUILD_DIR}/${FRAMEWORKS_FOLDER_PATH}/JSQMessagesViewController.framework",
				"${TARGET_BUILD_DIR}/${FRAMEWORKS_FOLDER_PATH}/JSQSystemSoundPlayer.framework",
				"${TARGET_BUILD_DIR}/${FRAMEWORKS_FOLDER_PATH}/MBProgressHUD.framework",
				"${TARGET_BUILD_DIR}/${FRAMEWORKS_FOLDER_PATH}/MDFInternationalization.framework",
				"${TARGET_BUILD_DIR}/${FRAMEWORKS_FOLDER_PATH}/MDFTextAccessibility.framework",
				"${TARGET_BUILD_DIR}/${FRAMEWORKS_FOLDER_PATH}/MaterialComponents.framework",
				"${TARGET_BUILD_DIR}/${FRAMEWORKS_FOLDER_PATH}/MotionAnimator.framework",
				"${TARGET_BUILD_DIR}/${FRAMEWORKS_FOLDER_PATH}/MotionInterchange.framework",
				"${TARGET_BUILD_DIR}/${FRAMEWORKS_FOLDER_PATH}/MotionTransitioning.framework",
				"${TARGET_BUILD_DIR}/${FRAMEWORKS_FOLDER_PATH}/SDWebImage.framework",
				"${TARGET_BUILD_DIR}/${FRAMEWORKS_FOLDER_PATH}/ScalingCarousel.framework",
				"${TARGET_BUILD_DIR}/${FRAMEWORKS_FOLDER_PATH}/SwiftyJSON.framework",
				"${TARGET_BUILD_DIR}/${FRAMEWORKS_FOLDER_PATH}/Tamamushi.framework",
			);
			runOnlyForDeploymentPostprocessing = 0;
			shellPath = /bin/sh;
			shellScript = "\"${SRCROOT}/Pods/Target Support Files/Pods-DeFrameApp/Pods-DeFrameApp-frameworks.sh\"\n";
			showEnvVarsInLog = 0;
		};
		A28D34889E5925A4053CCF74 /* [CP] Check Pods Manifest.lock */ = {
			isa = PBXShellScriptBuildPhase;
			buildActionMask = 2147483647;
			files = (
			);
			inputPaths = (
				"${PODS_PODFILE_DIR_PATH}/Podfile.lock",
				"${PODS_ROOT}/Manifest.lock",
			);
			name = "[CP] Check Pods Manifest.lock";
			outputPaths = (
				"$(DERIVED_FILE_DIR)/Pods-DeFrameApp-DeFrameAppTests-checkManifestLockResult.txt",
			);
			runOnlyForDeploymentPostprocessing = 0;
			shellPath = /bin/sh;
			shellScript = "diff \"${PODS_PODFILE_DIR_PATH}/Podfile.lock\" \"${PODS_ROOT}/Manifest.lock\" > /dev/null\nif [ $? != 0 ] ; then\n    # print error to STDERR\n    echo \"error: The sandbox is not in sync with the Podfile.lock. Run 'pod install' or update your CocoaPods installation.\" >&2\n    exit 1\nfi\n# This output is used by Xcode 'outputs' to avoid re-running this script phase.\necho \"SUCCESS\" > \"${SCRIPT_OUTPUT_FILE_0}\"\n";
			showEnvVarsInLog = 0;
		};
		D1D10C2BB9F58FED3D3B2158 /* [CP] Check Pods Manifest.lock */ = {
			isa = PBXShellScriptBuildPhase;
			buildActionMask = 2147483647;
			files = (
			);
			inputPaths = (
				"${PODS_PODFILE_DIR_PATH}/Podfile.lock",
				"${PODS_ROOT}/Manifest.lock",
			);
			name = "[CP] Check Pods Manifest.lock";
			outputPaths = (
				"$(DERIVED_FILE_DIR)/Pods-DeFrameApp-checkManifestLockResult.txt",
			);
			runOnlyForDeploymentPostprocessing = 0;
			shellPath = /bin/sh;
			shellScript = "diff \"${PODS_PODFILE_DIR_PATH}/Podfile.lock\" \"${PODS_ROOT}/Manifest.lock\" > /dev/null\nif [ $? != 0 ] ; then\n    # print error to STDERR\n    echo \"error: The sandbox is not in sync with the Podfile.lock. Run 'pod install' or update your CocoaPods installation.\" >&2\n    exit 1\nfi\n# This output is used by Xcode 'outputs' to avoid re-running this script phase.\necho \"SUCCESS\" > \"${SCRIPT_OUTPUT_FILE_0}\"\n";
			showEnvVarsInLog = 0;
		};
		E65C640B1A68DE0435E5B33E /* [CP] Embed Pods Frameworks */ = {
			isa = PBXShellScriptBuildPhase;
			buildActionMask = 2147483647;
			files = (
			);
			inputPaths = (
				"${SRCROOT}/Pods/Target Support Files/Pods-DeFrameApp-DeFrameAppTests/Pods-DeFrameApp-DeFrameAppTests-frameworks.sh",
				"${BUILT_PRODUCTS_DIR}/ApiAI/ApiAI.framework",
				"${BUILT_PRODUCTS_DIR}/Bolts/Bolts.framework",
				"${BUILT_PRODUCTS_DIR}/BubbleTransition/BubbleTransition.framework",
				"${BUILT_PRODUCTS_DIR}/ChameleonFramework/ChameleonFramework.framework",
				"${BUILT_PRODUCTS_DIR}/DGRunkeeperSwitch/DGRunkeeperSwitch.framework",
				"${BUILT_PRODUCTS_DIR}/FBSDKCoreKit/FBSDKCoreKit.framework",
				"${BUILT_PRODUCTS_DIR}/FBSDKLoginKit/FBSDKLoginKit.framework",
				"${BUILT_PRODUCTS_DIR}/FBSDKShareKit/FBSDKShareKit.framework",
				"${BUILT_PRODUCTS_DIR}/FacebookCore/FacebookCore.framework",
				"${BUILT_PRODUCTS_DIR}/FacebookLogin/FacebookLogin.framework",
				"${BUILT_PRODUCTS_DIR}/FacebookShare/FacebookShare.framework",
				"${BUILT_PRODUCTS_DIR}/FontAwesomeKit/FontAwesomeKit.framework",
				"${BUILT_PRODUCTS_DIR}/JSQMessagesViewController/JSQMessagesViewController.framework",
				"${BUILT_PRODUCTS_DIR}/JSQSystemSoundPlayer/JSQSystemSoundPlayer.framework",
				"${BUILT_PRODUCTS_DIR}/MBProgressHUD/MBProgressHUD.framework",
				"${BUILT_PRODUCTS_DIR}/MDFInternationalization/MDFInternationalization.framework",
				"${BUILT_PRODUCTS_DIR}/MDFTextAccessibility/MDFTextAccessibility.framework",
				"${BUILT_PRODUCTS_DIR}/MaterialComponents/MaterialComponents.framework",
				"${BUILT_PRODUCTS_DIR}/MotionAnimator/MotionAnimator.framework",
				"${BUILT_PRODUCTS_DIR}/MotionInterchange/MotionInterchange.framework",
				"${BUILT_PRODUCTS_DIR}/MotionTransitioning/MotionTransitioning.framework",
				"${BUILT_PRODUCTS_DIR}/SDWebImage/SDWebImage.framework",
				"${BUILT_PRODUCTS_DIR}/ScalingCarousel/ScalingCarousel.framework",
				"${BUILT_PRODUCTS_DIR}/SwiftyJSON/SwiftyJSON.framework",
				"${BUILT_PRODUCTS_DIR}/Tamamushi/Tamamushi.framework",
			);
			name = "[CP] Embed Pods Frameworks";
			outputPaths = (
				"${TARGET_BUILD_DIR}/${FRAMEWORKS_FOLDER_PATH}/ApiAI.framework",
				"${TARGET_BUILD_DIR}/${FRAMEWORKS_FOLDER_PATH}/Bolts.framework",
				"${TARGET_BUILD_DIR}/${FRAMEWORKS_FOLDER_PATH}/BubbleTransition.framework",
				"${TARGET_BUILD_DIR}/${FRAMEWORKS_FOLDER_PATH}/ChameleonFramework.framework",
				"${TARGET_BUILD_DIR}/${FRAMEWORKS_FOLDER_PATH}/DGRunkeeperSwitch.framework",
				"${TARGET_BUILD_DIR}/${FRAMEWORKS_FOLDER_PATH}/FBSDKCoreKit.framework",
				"${TARGET_BUILD_DIR}/${FRAMEWORKS_FOLDER_PATH}/FBSDKLoginKit.framework",
				"${TARGET_BUILD_DIR}/${FRAMEWORKS_FOLDER_PATH}/FBSDKShareKit.framework",
				"${TARGET_BUILD_DIR}/${FRAMEWORKS_FOLDER_PATH}/FacebookCore.framework",
				"${TARGET_BUILD_DIR}/${FRAMEWORKS_FOLDER_PATH}/FacebookLogin.framework",
				"${TARGET_BUILD_DIR}/${FRAMEWORKS_FOLDER_PATH}/FacebookShare.framework",
				"${TARGET_BUILD_DIR}/${FRAMEWORKS_FOLDER_PATH}/FontAwesomeKit.framework",
				"${TARGET_BUILD_DIR}/${FRAMEWORKS_FOLDER_PATH}/JSQMessagesViewController.framework",
				"${TARGET_BUILD_DIR}/${FRAMEWORKS_FOLDER_PATH}/JSQSystemSoundPlayer.framework",
				"${TARGET_BUILD_DIR}/${FRAMEWORKS_FOLDER_PATH}/MBProgressHUD.framework",
				"${TARGET_BUILD_DIR}/${FRAMEWORKS_FOLDER_PATH}/MDFInternationalization.framework",
				"${TARGET_BUILD_DIR}/${FRAMEWORKS_FOLDER_PATH}/MDFTextAccessibility.framework",
				"${TARGET_BUILD_DIR}/${FRAMEWORKS_FOLDER_PATH}/MaterialComponents.framework",
				"${TARGET_BUILD_DIR}/${FRAMEWORKS_FOLDER_PATH}/MotionAnimator.framework",
				"${TARGET_BUILD_DIR}/${FRAMEWORKS_FOLDER_PATH}/MotionInterchange.framework",
				"${TARGET_BUILD_DIR}/${FRAMEWORKS_FOLDER_PATH}/MotionTransitioning.framework",
				"${TARGET_BUILD_DIR}/${FRAMEWORKS_FOLDER_PATH}/SDWebImage.framework",
				"${TARGET_BUILD_DIR}/${FRAMEWORKS_FOLDER_PATH}/ScalingCarousel.framework",
				"${TARGET_BUILD_DIR}/${FRAMEWORKS_FOLDER_PATH}/SwiftyJSON.framework",
				"${TARGET_BUILD_DIR}/${FRAMEWORKS_FOLDER_PATH}/Tamamushi.framework",
			);
			runOnlyForDeploymentPostprocessing = 0;
			shellPath = /bin/sh;
			shellScript = "\"${SRCROOT}/Pods/Target Support Files/Pods-DeFrameApp-DeFrameAppTests/Pods-DeFrameApp-DeFrameAppTests-frameworks.sh\"\n";
			showEnvVarsInLog = 0;
		};
/* End PBXShellScriptBuildPhase section */

/* Begin PBXSourcesBuildPhase section */
		F47029EC1A7F27DB00E30A3C /* Sources */ = {
			isa = PBXSourcesBuildPhase;
			buildActionMask = 2147483647;
			files = (
				35C10C1D2178285200E0D6A3 /* Dismiss.swift in Sources */,
				581F70CD1F4287040064496C /* ArtViewController.swift in Sources */,
				F4D750181BD38F0C009E1003 /* SWRevealViewController.m in Sources */,
				3544613020748B2300FA1CBF /* MuseumTableViewCell.swift in Sources */,
				3557CEFA206868A400548D99 /* GuestCell.swift in Sources */,
				58FED4C31F40DC6800239CBC /* artCollectionViewCell.swift in Sources */,
				357E908E206890C600B595D5 /* GuestViewHeader.swift in Sources */,
				35CFAB192083052900054444 /* MuseumViewControllerList.swift in Sources */,
				3557CEDF20675B4B00548D99 /* GuestViewSetUp.swift in Sources */,
				35C10C172178093900E0D6A3 /* ImageViewController.swift in Sources */,
				A0533DDC1FBF8D1200452BF9 /* FeedbackViewController.swift in Sources */,
				581F719A1F5B24610064496C /* LoginViewController.swift in Sources */,
				581F719C1F6993E70064496C /* FloorPlanViewController.swift in Sources */,
				58F68F131F759BA6006F7510 /* ArtView.swift in Sources */,
				586B94921F144D4500F89AE8 /* locationAnnotation.swift in Sources */,
				580C106A20CDCB2D004D5619 /* AppDelegate.swift in Sources */,
				F4702A181A7F351C00E30A3C /* MenuController.swift in Sources */,
				586B948C1F11E09100F89AE8 /* Museum.swift in Sources */,
				3544613320748B9200FA1CBF /* ListTableViewController.swift in Sources */,
				3556093620635E3300621E4F /* loginedUser.xcdatamodeld in Sources */,
				A058F3791FC3C0F7001FC901 /* Constants.swift in Sources */,
				F491E74C1A7F4C630026528E /* NewsTableViewCell.swift in Sources */,
				35A25EB1204DF9720023A77D /* UploadProfilePicViewController.swift in Sources */,
				35A7C7D22198CCFA00D219A5 /* WebViewController.swift in Sources */,
				F491E7531A7F7DF20026528E /* MapViewController.swift in Sources */,
				356813A7201AD3C40094B16E /* NewMuseumViewController.swift in Sources */,
				A0CBDFC91FB7F13700D36FAD /* PrivacyViewController.swift in Sources */,
				582037B41F33E82900C0F384 /* MuseumViewController.swift in Sources */,
				35A25EAE204DF9590023A77D /* RegistrationViewController.swift in Sources */,
				3569731F20A2AA55006340EC /* AccountViewController.swift in Sources */,
				35A25EAB204DF9460023A77D /* UserNamePasswordViewController.swift in Sources */,
				58F68F1B1F7A0AF5006F7510 /* MuseumDetailsView.swift in Sources */,
				586B94951F14A8C900F89AE8 /* AnnotationView.swift in Sources */,
				3581676F21A0E4CF00758EA5 /* ArtistsViewController.swift in Sources */,
				35490F22201ADCDD00429192 /* artHeaderCollectionReusableView.swift in Sources */,
				F491E74A1A7F4B300026528E /* NewsTableViewController.swift in Sources */,
				35A25EB4204DF9820023A77D /* NewUser.swift in Sources */,
				35C10C1A2178278400E0D6A3 /* Interactor.swift in Sources */,
				582037B81F369CCA00C0F384 /* CarouselView.swift in Sources */,
				A058F38C1FCFA7B0001FC901 /* ChatBotViewController.swift in Sources */,
				F491E7551A7F7E010026528E /* TermsAndConditionViewController.swift in Sources */,
			);
			runOnlyForDeploymentPostprocessing = 0;
		};
		F4702A011A7F27DC00E30A3C /* Sources */ = {
			isa = PBXSourcesBuildPhase;
			buildActionMask = 2147483647;
			files = (
				A058F3801FC40B3A001FC901 /* ArtView.swift in Sources */,
				35CFAB1A2083052900054444 /* MuseumViewControllerList.swift in Sources */,
				3569732020A2AA55006340EC /* AccountViewController.swift in Sources */,
				35A25EAC204DF9460023A77D /* UserNamePasswordViewController.swift in Sources */,
				3557CEFB206868A400548D99 /* GuestCell.swift in Sources */,
				3544613420748B9200FA1CBF /* ListTableViewController.swift in Sources */,
				A058F3871FC40B89001FC901 /* ArtViewController.swift in Sources */,
				3557CEE020675B4B00548D99 /* GuestViewSetUp.swift in Sources */,
				F4702A0C1A7F27DC00E30A3C /* SidebarMenuTests.swift in Sources */,
				35A25EB2204DF9720023A77D /* UploadProfilePicViewController.swift in Sources */,
				35C10C182178093900E0D6A3 /* ImageViewController.swift in Sources */,
				586B94961F14A8C900F89AE8 /* AnnotationView.swift in Sources */,
				586B94931F144D4500F89AE8 /* locationAnnotation.swift in Sources */,
				35A7C7D32198CCFA00D219A5 /* WebViewController.swift in Sources */,
				35A25EB5204DF9820023A77D /* NewUser.swift in Sources */,
				3581677021A0E4CF00758EA5 /* ArtistsViewController.swift in Sources */,
				A058F3851FC40B82001FC901 /* MapViewController.swift in Sources */,
				35C10C1E2178285200E0D6A3 /* Dismiss.swift in Sources */,
				A058F3821FC40B47001FC901 /* CarouselView.swift in Sources */,
				35A25EAF204DF9590023A77D /* RegistrationViewController.swift in Sources */,
				A058F3891FC40B9B001FC901 /* Constants.swift in Sources */,
				A058F3861FC40B86001FC901 /* FloorPlanViewController.swift in Sources */,
				A058F3881FC40B8C001FC901 /* MuseumViewController.swift in Sources */,
				357E90902068A4EB00B595D5 /* GuestViewHeader.swift in Sources */,
				35A4BAD7201B870200FA1786 /* artHeaderCollectionReusableView.swift in Sources */,
				3555AF9F201E8A2B00202931 /* NewMuseumViewController.swift in Sources */,
				A058F3811FC40B3D001FC901 /* artCollectionViewCell.swift in Sources */,
				586B948D1F11E09100F89AE8 /* Museum.swift in Sources */,
				A058F3831FC40B4A001FC901 /* MuseumDetailsView.swift in Sources */,
				35C10C1B2178278400E0D6A3 /* Interactor.swift in Sources */,
				3544613120748B2300FA1CBF /* MuseumTableViewCell.swift in Sources */,
			);
			runOnlyForDeploymentPostprocessing = 0;
		};
/* End PBXSourcesBuildPhase section */

/* Begin PBXTargetDependency section */
		F4702A071A7F27DC00E30A3C /* PBXTargetDependency */ = {
			isa = PBXTargetDependency;
			target = F47029EF1A7F27DB00E30A3C /* DeFrameApp */;
			targetProxy = F4702A061A7F27DC00E30A3C /* PBXContainerItemProxy */;
		};
/* End PBXTargetDependency section */

/* Begin PBXVariantGroup section */
		F47029F91A7F27DB00E30A3C /* Main.storyboard */ = {
			isa = PBXVariantGroup;
			children = (
				F47029FA1A7F27DB00E30A3C /* Base */,
			);
			name = Main.storyboard;
			sourceTree = "<group>";
		};
		F47029FE1A7F27DB00E30A3C /* LaunchScreen.xib */ = {
			isa = PBXVariantGroup;
			children = (
				F47029FF1A7F27DB00E30A3C /* Base */,
			);
			name = LaunchScreen.xib;
			sourceTree = "<group>";
		};
/* End PBXVariantGroup section */

/* Begin XCBuildConfiguration section */
		F4702A0D1A7F27DC00E30A3C /* Debug */ = {
			isa = XCBuildConfiguration;
			buildSettings = {
				ALWAYS_SEARCH_USER_PATHS = NO;
				CLANG_CXX_LANGUAGE_STANDARD = "gnu++0x";
				CLANG_CXX_LIBRARY = "libc++";
				CLANG_ENABLE_MODULES = YES;
				CLANG_ENABLE_OBJC_ARC = YES;
				CLANG_WARN_BOOL_CONVERSION = YES;
				CLANG_WARN_CONSTANT_CONVERSION = YES;
				CLANG_WARN_DIRECT_OBJC_ISA_USAGE = YES_ERROR;
				CLANG_WARN_EMPTY_BODY = YES;
				CLANG_WARN_ENUM_CONVERSION = YES;
				CLANG_WARN_INFINITE_RECURSION = YES;
				CLANG_WARN_INT_CONVERSION = YES;
				CLANG_WARN_OBJC_ROOT_CLASS = YES_ERROR;
				CLANG_WARN_SUSPICIOUS_MOVE = YES;
				CLANG_WARN_UNREACHABLE_CODE = YES;
				CLANG_WARN__DUPLICATE_METHOD_MATCH = YES;
				"CODE_SIGN_IDENTITY[sdk=iphoneos*]" = "iPhone Developer";
				COPY_PHASE_STRIP = NO;
				ENABLE_STRICT_OBJC_MSGSEND = YES;
				ENABLE_TESTABILITY = YES;
				GCC_C_LANGUAGE_STANDARD = gnu99;
				GCC_DYNAMIC_NO_PIC = NO;
				GCC_NO_COMMON_BLOCKS = YES;
				GCC_OPTIMIZATION_LEVEL = 0;
				GCC_PREPROCESSOR_DEFINITIONS = (
					"DEBUG=1",
					"$(inherited)",
				);
				GCC_SYMBOLS_PRIVATE_EXTERN = NO;
				GCC_WARN_64_TO_32_BIT_CONVERSION = YES;
				GCC_WARN_ABOUT_RETURN_TYPE = YES_ERROR;
				GCC_WARN_UNDECLARED_SELECTOR = YES;
				GCC_WARN_UNINITIALIZED_AUTOS = YES_AGGRESSIVE;
				GCC_WARN_UNUSED_FUNCTION = YES;
				GCC_WARN_UNUSED_VARIABLE = YES;
				IPHONEOS_DEPLOYMENT_TARGET = 11.0;
				MTL_ENABLE_DEBUG_INFO = YES;
				ONLY_ACTIVE_ARCH = YES;
				SDKROOT = iphoneos;
				SWIFT_OPTIMIZATION_LEVEL = "-Onone";
			};
			name = Debug;
		};
		F4702A0E1A7F27DC00E30A3C /* Release */ = {
			isa = XCBuildConfiguration;
			buildSettings = {
				ALWAYS_SEARCH_USER_PATHS = NO;
				CLANG_CXX_LANGUAGE_STANDARD = "gnu++0x";
				CLANG_CXX_LIBRARY = "libc++";
				CLANG_ENABLE_MODULES = YES;
				CLANG_ENABLE_OBJC_ARC = YES;
				CLANG_WARN_BOOL_CONVERSION = YES;
				CLANG_WARN_CONSTANT_CONVERSION = YES;
				CLANG_WARN_DIRECT_OBJC_ISA_USAGE = YES_ERROR;
				CLANG_WARN_EMPTY_BODY = YES;
				CLANG_WARN_ENUM_CONVERSION = YES;
				CLANG_WARN_INFINITE_RECURSION = YES;
				CLANG_WARN_INT_CONVERSION = YES;
				CLANG_WARN_OBJC_ROOT_CLASS = YES_ERROR;
				CLANG_WARN_SUSPICIOUS_MOVE = YES;
				CLANG_WARN_UNREACHABLE_CODE = YES;
				CLANG_WARN__DUPLICATE_METHOD_MATCH = YES;
				"CODE_SIGN_IDENTITY[sdk=iphoneos*]" = "iPhone Developer";
				COPY_PHASE_STRIP = YES;
				ENABLE_NS_ASSERTIONS = NO;
				ENABLE_STRICT_OBJC_MSGSEND = YES;
				GCC_C_LANGUAGE_STANDARD = gnu99;
				GCC_NO_COMMON_BLOCKS = YES;
				GCC_WARN_64_TO_32_BIT_CONVERSION = YES;
				GCC_WARN_ABOUT_RETURN_TYPE = YES_ERROR;
				GCC_WARN_UNDECLARED_SELECTOR = YES;
				GCC_WARN_UNINITIALIZED_AUTOS = YES_AGGRESSIVE;
				GCC_WARN_UNUSED_FUNCTION = YES;
				GCC_WARN_UNUSED_VARIABLE = YES;
				IPHONEOS_DEPLOYMENT_TARGET = 11.0;
				MTL_ENABLE_DEBUG_INFO = NO;
				"OTHER_LDFLAGS[sdk=iphonesimulator*]" = "-objC";
				SDKROOT = iphoneos;
				SWIFT_OPTIMIZATION_LEVEL = "-Owholemodule";
				VALIDATE_PRODUCT = YES;
			};
			name = Release;
		};
		F4702A101A7F27DC00E30A3C /* Debug */ = {
			isa = XCBuildConfiguration;
			baseConfigurationReference = 99CBF01BEDEC7A6D7B3C4CA4 /* Pods-DeFrameApp.debug.xcconfig */;
			buildSettings = {
				ALWAYS_EMBED_SWIFT_STANDARD_LIBRARIES = YES;
				ASSETCATALOG_COMPILER_APPICON_NAME = AppIcon;
				CLANG_ENABLE_MODULES = YES;
				DEVELOPMENT_TEAM = J42C78J3VY;
				FRAMEWORK_SEARCH_PATHS = (
					"$(inherited)",
					"$(PROJECT_DIR)",
					"$(PROJECT_DIR)/Pods",
				);
				INFOPLIST_FILE = SidebarMenu/Info.plist;
				IPHONEOS_DEPLOYMENT_TARGET = 10.3;
				LD_RUNPATH_SEARCH_PATHS = "$(inherited) @executable_path/Frameworks";
				"OTHER_LDFLAGS[arch=*]" = "-objC";
				PRODUCT_BUNDLE_IDENTIFIER = com.DeFrame.DeFrameApp;
				PRODUCT_NAME = "$(TARGET_NAME)";
				SWIFT_OBJC_BRIDGING_HEADER = "SidebarMenu/SidebarMenu-Bridging-Header.h";
				SWIFT_OPTIMIZATION_LEVEL = "-Onone";
				SWIFT_VERSION = 3.0;
			};
			name = Debug;
		};
		F4702A111A7F27DC00E30A3C /* Release */ = {
			isa = XCBuildConfiguration;
			baseConfigurationReference = 61A2A6B9EF8C39827324BD97 /* Pods-DeFrameApp.release.xcconfig */;
			buildSettings = {
				ALWAYS_EMBED_SWIFT_STANDARD_LIBRARIES = YES;
				ASSETCATALOG_COMPILER_APPICON_NAME = AppIcon;
				CLANG_ENABLE_MODULES = YES;
				DEVELOPMENT_TEAM = J42C78J3VY;
				FRAMEWORK_SEARCH_PATHS = (
					"$(inherited)",
					"$(PROJECT_DIR)",
					"$(PROJECT_DIR)/Pods",
				);
				INFOPLIST_FILE = SidebarMenu/Info.plist;
				IPHONEOS_DEPLOYMENT_TARGET = 10.3;
				LD_RUNPATH_SEARCH_PATHS = "$(inherited) @executable_path/Frameworks";
				"OTHER_LDFLAGS[arch=*]" = "-objC";
				PRODUCT_BUNDLE_IDENTIFIER = com.DeFrame.DeFrameApp;
				PRODUCT_NAME = "$(TARGET_NAME)";
				SWIFT_OBJC_BRIDGING_HEADER = "SidebarMenu/SidebarMenu-Bridging-Header.h";
				SWIFT_VERSION = 3.0;
			};
			name = Release;
		};
		F4702A131A7F27DC00E30A3C /* Debug */ = {
			isa = XCBuildConfiguration;
			baseConfigurationReference = 6BFCBE683780C4B20A3FCB6F /* Pods-DeFrameApp-DeFrameAppTests.debug.xcconfig */;
			buildSettings = {
				ALWAYS_EMBED_SWIFT_STANDARD_LIBRARIES = YES;
				BUNDLE_LOADER = "$(TEST_HOST)";
				CODE_SIGN_IDENTITY = "iPhone Developer";
				CODE_SIGN_STYLE = Automatic;
				DEVELOPMENT_TEAM = J42C78J3VY;
				FRAMEWORK_SEARCH_PATHS = (
					"$(SDKROOT)/Developer/Library/Frameworks",
					"$(inherited)",
				);
				GCC_PREPROCESSOR_DEFINITIONS = (
					"DEBUG=1",
					"$(inherited)",
				);
				INFOPLIST_FILE = SidebarMenuTests/Info.plist;
				LD_RUNPATH_SEARCH_PATHS = "$(inherited) @executable_path/Frameworks @loader_path/Frameworks";
				PRODUCT_BUNDLE_IDENTIFIER = "com.appcoda.$(PRODUCT_NAME:rfc1034identifier)";
				PRODUCT_NAME = "$(TARGET_NAME)";
				PROVISIONING_PROFILE_SPECIFIER = "";
				SWIFT_VERSION = 3.0;
				TEST_HOST = "$(BUILT_PRODUCTS_DIR)/DeFrameApp.app/DeFrameApp";
			};
			name = Debug;
		};
		F4702A141A7F27DC00E30A3C /* Release */ = {
			isa = XCBuildConfiguration;
			baseConfigurationReference = 78AB8B821B75E8AD250BDC34 /* Pods-DeFrameApp-DeFrameAppTests.release.xcconfig */;
			buildSettings = {
				ALWAYS_EMBED_SWIFT_STANDARD_LIBRARIES = YES;
				BUNDLE_LOADER = "$(TEST_HOST)";
				CODE_SIGN_IDENTITY = "iPhone Developer";
				CODE_SIGN_STYLE = Automatic;
				DEVELOPMENT_TEAM = J42C78J3VY;
				FRAMEWORK_SEARCH_PATHS = (
					"$(SDKROOT)/Developer/Library/Frameworks",
					"$(inherited)",
				);
				INFOPLIST_FILE = SidebarMenuTests/Info.plist;
				LD_RUNPATH_SEARCH_PATHS = "$(inherited) @executable_path/Frameworks @loader_path/Frameworks";
				PRODUCT_BUNDLE_IDENTIFIER = "com.appcoda.$(PRODUCT_NAME:rfc1034identifier)";
				PRODUCT_NAME = "$(TARGET_NAME)";
				PROVISIONING_PROFILE_SPECIFIER = "";
				SWIFT_VERSION = 3.0;
				TEST_HOST = "$(BUILT_PRODUCTS_DIR)/DeFrameApp.app/DeFrameApp";
			};
			name = Release;
		};
/* End XCBuildConfiguration section */

/* Begin XCConfigurationList section */
		F47029EB1A7F27DB00E30A3C /* Build configuration list for PBXProject "DeFrameApp" */ = {
			isa = XCConfigurationList;
			buildConfigurations = (
				F4702A0D1A7F27DC00E30A3C /* Debug */,
				F4702A0E1A7F27DC00E30A3C /* Release */,
			);
			defaultConfigurationIsVisible = 0;
			defaultConfigurationName = Release;
		};
		F4702A0F1A7F27DC00E30A3C /* Build configuration list for PBXNativeTarget "DeFrameApp" */ = {
			isa = XCConfigurationList;
			buildConfigurations = (
				F4702A101A7F27DC00E30A3C /* Debug */,
				F4702A111A7F27DC00E30A3C /* Release */,
			);
			defaultConfigurationIsVisible = 0;
			defaultConfigurationName = Release;
		};
		F4702A121A7F27DC00E30A3C /* Build configuration list for PBXNativeTarget "DeFrameAppTests" */ = {
			isa = XCConfigurationList;
			buildConfigurations = (
				F4702A131A7F27DC00E30A3C /* Debug */,
				F4702A141A7F27DC00E30A3C /* Release */,
			);
			defaultConfigurationIsVisible = 0;
			defaultConfigurationName = Release;
		};
/* End XCConfigurationList section */

/* Begin XCVersionGroup section */
		3556093420635E3300621E4F /* loginedUser.xcdatamodeld */ = {
			isa = XCVersionGroup;
			children = (
				3556093520635E3300621E4F /* loginedUser.xcdatamodel */,
			);
			currentVersion = 3556093520635E3300621E4F /* loginedUser.xcdatamodel */;
			path = loginedUser.xcdatamodeld;
			sourceTree = "<group>";
			versionGroupType = wrapper.xcdatamodel;
		};
/* End XCVersionGroup section */
	};
	rootObject = F47029E81A7F27DB00E30A3C /* Project object */;
}
